// !$*UTF8*$!
{
	archiveVersion = 1;
	classes = {
	};
	objectVersion = 46;
	objects = {

/* Begin PBXBuildFile section */
		32EA009B1B2333F300B392E2 /* BaseViewController.m in Sources */ = {isa = PBXBuildFile; fileRef = 32EA009A1B2333F300B392E2 /* BaseViewController.m */; };
		32EA009E1B2334D700B392E2 /* BaseTableViewController.m in Sources */ = {isa = PBXBuildFile; fileRef = 32EA009D1B2334D700B392E2 /* BaseTableViewController.m */; };
		32EA00A11B23351700B392E2 /* LoginViewController.m in Sources */ = {isa = PBXBuildFile; fileRef = 32EA00A01B23351700B392E2 /* LoginViewController.m */; };
		32EA00A41B2347D400B392E2 /* BaseNavigationViewController.m in Sources */ = {isa = PBXBuildFile; fileRef = 32EA00A31B2347D400B392E2 /* BaseNavigationViewController.m */; };
		32F5D5721B22A81700B40ACE /* main.m in Sources */ = {isa = PBXBuildFile; fileRef = 32F5D5711B22A81700B40ACE /* main.m */; };
		32F5D5751B22A81700B40ACE /* AppDelegate.m in Sources */ = {isa = PBXBuildFile; fileRef = 32F5D5741B22A81700B40ACE /* AppDelegate.m */; };
		32F5D5781B22A81700B40ACE /* YPO_WPO_SG.xcdatamodeld in Sources */ = {isa = PBXBuildFile; fileRef = 32F5D5761B22A81700B40ACE /* YPO_WPO_SG.xcdatamodeld */; };
		32F5D57E1B22A81700B40ACE /* Main.storyboard in Resources */ = {isa = PBXBuildFile; fileRef = 32F5D57C1B22A81700B40ACE /* Main.storyboard */; };
		32F5D5801B22A81700B40ACE /* Images.xcassets in Resources */ = {isa = PBXBuildFile; fileRef = 32F5D57F1B22A81700B40ACE /* Images.xcassets */; };
		32F5D5831B22A81700B40ACE /* LaunchScreen.xib in Resources */ = {isa = PBXBuildFile; fileRef = 32F5D5811B22A81700B40ACE /* LaunchScreen.xib */; };
		32F5D58F1B22A81700B40ACE /* YPO_WPO_SGTests.m in Sources */ = {isa = PBXBuildFile; fileRef = 32F5D58E1B22A81700B40ACE /* YPO_WPO_SGTests.m */; };
		7F51511992692F0E890173DC /* libPods-YPO-WPO SG.a in Frameworks */ = {isa = PBXBuildFile; fileRef = EB14134EFF597ADAD6B96C8D /* libPods-YPO-WPO SG.a */; };
		AC0605AC1B2AB9FF00EB0F5F /* DirectoryViewController.m in Sources */ = {isa = PBXBuildFile; fileRef = AC0605AB1B2AB9FF00EB0F5F /* DirectoryViewController.m */; };
		AC0605AF1B2ABB2F00EB0F5F /* UIColor+Theme.m in Sources */ = {isa = PBXBuildFile; fileRef = AC0605AE1B2ABB2F00EB0F5F /* UIColor+Theme.m */; };
		AC0605B21B2ABD1800EB0F5F /* TableViewHeader.m in Sources */ = {isa = PBXBuildFile; fileRef = AC0605B11B2ABD1800EB0F5F /* TableViewHeader.m */; };
		AC0605B41B2ABD3300EB0F5F /* TableViewHeader.xib in Resources */ = {isa = PBXBuildFile; fileRef = AC0605B31B2ABD3300EB0F5F /* TableViewHeader.xib */; };
		AC67C27C1B415EB20054EAB9 /* CommentsViewController.m in Sources */ = {isa = PBXBuildFile; fileRef = AC67C27B1B415EB20054EAB9 /* CommentsViewController.m */; };
		AC67C27F1B415F240054EAB9 /* CommentTextView.m in Sources */ = {isa = PBXBuildFile; fileRef = AC67C27E1B415F240054EAB9 /* CommentTextView.m */; };
		AC67C2821B4167540054EAB9 /* CommentTableViewCell.m in Sources */ = {isa = PBXBuildFile; fileRef = AC67C2811B4167540054EAB9 /* CommentTableViewCell.m */; };
		AC67C2851B4172100054EAB9 /* YPOComment.m in Sources */ = {isa = PBXBuildFile; fileRef = AC67C2841B4172100054EAB9 /* YPOComment.m */; };
		AC74515E1B4149B200E081DC /* UIImage+CircleMask.m in Sources */ = {isa = PBXBuildFile; fileRef = AC74515D1B4149B200E081DC /* UIImage+CircleMask.m */; };
		ACA549641B429DF500721346 /* YPOChapter.m in Sources */ = {isa = PBXBuildFile; fileRef = ACA549631B429DF500721346 /* YPOChapter.m */; };
		ACA549671B429DF500721346 /* YPOForum.m in Sources */ = {isa = PBXBuildFile; fileRef = ACA549661B429DF500721346 /* YPOForum.m */; };
		ACA5496C1B42A96A00721346 /* ForumTableViewController.m in Sources */ = {isa = PBXBuildFile; fileRef = ACA5496B1B42A96A00721346 /* ForumTableViewController.m */; };
		ACA5496F1B42AFB000721346 /* ChapterTableViewController.m in Sources */ = {isa = PBXBuildFile; fileRef = ACA5496E1B42AFB000721346 /* ChapterTableViewController.m */; };
		ACA549721B42DC1500721346 /* YPOMemberDetails.m in Sources */ = {isa = PBXBuildFile; fileRef = ACA549711B42DC1500721346 /* YPOMemberDetails.m */; };
		ACA549751B42DC7800721346 /* YPOMember.m in Sources */ = {isa = PBXBuildFile; fileRef = ACA549741B42DC7800721346 /* YPOMember.m */; };
		ACADDC071B48222800B97FFC /* Fabric.framework in Frameworks */ = {isa = PBXBuildFile; fileRef = ACADDC051B48222800B97FFC /* Fabric.framework */; };
		ACADDC081B48222800B97FFC /* Crashlytics.framework in Frameworks */ = {isa = PBXBuildFile; fileRef = ACADDC061B48222800B97FFC /* Crashlytics.framework */; };
		ACB2C5DD1B7B63D3000FFC52 /* UIColor+Hex.m in Sources */ = {isa = PBXBuildFile; fileRef = ACB2C5DC1B7B63D3000FFC52 /* UIColor+Hex.m */; };
		ACB3F5381B6A4CE400A8B279 /* YPOTabBarController.m in Sources */ = {isa = PBXBuildFile; fileRef = ACB3F5371B6A4CE400A8B279 /* YPOTabBarController.m */; };
		ACB3F53B1B6A57B200A8B279 /* ChangePasswordController.m in Sources */ = {isa = PBXBuildFile; fileRef = ACB3F53A1B6A57B200A8B279 /* ChangePasswordController.m */; };
		ACBF24E81B70C6C600C6B0B3 /* Pods-YPO-WPO SG.adhoc.xcconfig in Resources */ = {isa = PBXBuildFile; fileRef = ACBF24E61B70C6C600C6B0B3 /* Pods-YPO-WPO SG.adhoc.xcconfig */; };
		ACBF24E91B70C6C600C6B0B3 /* Pods-YPO-WPO SG.distribution.xcconfig in Resources */ = {isa = PBXBuildFile; fileRef = ACBF24E71B70C6C600C6B0B3 /* Pods-YPO-WPO SG.distribution.xcconfig */; };
		ACC9939D1B29B55B008E262E /* YPOAPIClient.m in Sources */ = {isa = PBXBuildFile; fileRef = ACC9939C1B29B55B008E262E /* YPOAPIClient.m */; };
		ACC993A01B29B5EA008E262E /* YPOConfig.m in Sources */ = {isa = PBXBuildFile; fileRef = ACC9939F1B29B5EA008E262E /* YPOConfig.m */; };
		ACC993A31B29B84B008E262E /* NewsfeedViewController.m in Sources */ = {isa = PBXBuildFile; fileRef = ACC993A21B29B84B008E262E /* NewsfeedViewController.m */; };
		ACC993A81B29CBD3008E262E /* NewsTableViewCell.m in Sources */ = {isa = PBXBuildFile; fileRef = ACC993A71B29CBD3008E262E /* NewsTableViewCell.m */; };
		ACC993AB1B29CC97008E262E /* MemberTableViewCell.m in Sources */ = {isa = PBXBuildFile; fileRef = ACC993AA1B29CC97008E262E /* MemberTableViewCell.m */; };
		ACC993B11B29D571008E262E /* SettingsViewController.m in Sources */ = {isa = PBXBuildFile; fileRef = ACC993B01B29D571008E262E /* SettingsViewController.m */; };
		ACC993B41B29DBE7008E262E /* NewsDetailsViewController.m in Sources */ = {isa = PBXBuildFile; fileRef = ACC993B31B29DBE7008E262E /* NewsDetailsViewController.m */; };
		ACCBFA0A1B3EF685004D8446 /* MembersListViewController.m in Sources */ = {isa = PBXBuildFile; fileRef = ACCBFA091B3EF685004D8446 /* MembersListViewController.m */; };
		ACCBFA0D1B3EFE86004D8446 /* MembersFilteredViewController.m in Sources */ = {isa = PBXBuildFile; fileRef = ACCBFA0C1B3EFE86004D8446 /* MembersFilteredViewController.m */; };
		ACCBFA101B3F08CC004D8446 /* MemberDetailsViewController.m in Sources */ = {isa = PBXBuildFile; fileRef = ACCBFA0F1B3F08CC004D8446 /* MemberDetailsViewController.m */; };
		ACCBFA191B3F0A69004D8446 /* YPOContactDetails.m in Sources */ = {isa = PBXBuildFile; fileRef = ACCBFA181B3F0A69004D8446 /* YPOContactDetails.m */; };
		ACCBFA1C1B3F0A69004D8446 /* YPOCompany.m in Sources */ = {isa = PBXBuildFile; fileRef = ACCBFA1B1B3F0A69004D8446 /* YPOCompany.m */; };
		ACCBFA221B3F1DDB004D8446 /* NSString+NotEmpty.m in Sources */ = {isa = PBXBuildFile; fileRef = ACCBFA211B3F1DDB004D8446 /* NSString+NotEmpty.m */; };
		ACCBFA251B3F2343004D8446 /* CircleImageView.m in Sources */ = {isa = PBXBuildFile; fileRef = ACCBFA241B3F2343004D8446 /* CircleImageView.m */; };
		ACCDA5FB1B5E9911007A14A9 /* css in Resources */ = {isa = PBXBuildFile; fileRef = ACCDA5FA1B5E9911007A14A9 /* css */; };
		ACCF4C981B63750D00F40CEE /* YPONotification.m in Sources */ = {isa = PBXBuildFile; fileRef = ACCF4C971B63750D00F40CEE /* YPONotification.m */; };
		ACCF4C9C1B6377F700F40CEE /* NotificationTableViewController.m in Sources */ = {isa = PBXBuildFile; fileRef = ACCF4C9B1B6377F700F40CEE /* NotificationTableViewController.m */; };
		ACCF4C9F1B637DCA00F40CEE /* NotificationTableViewCell.m in Sources */ = {isa = PBXBuildFile; fileRef = ACCF4C9E1B637DCA00F40CEE /* NotificationTableViewCell.m */; };
		ACCF4CA21B63BBBF00F40CEE /* UIImageView+YPOCache.m in Sources */ = {isa = PBXBuildFile; fileRef = ACCF4CA11B63BBBF00F40CEE /* UIImageView+YPOCache.m */; };
		ACCFD7371B50C29900DA5F06 /* YPOImageCache.m in Sources */ = {isa = PBXBuildFile; fileRef = ACCFD7361B50C29900DA5F06 /* YPOImageCache.m */; };
		ACCFD73D1B50D56B00DA5F06 /* EventView.m in Sources */ = {isa = PBXBuildFile; fileRef = ACCFD73C1B50D56B00DA5F06 /* EventView.m */; };
		ACCFD73F1B50D58D00DA5F06 /* EventView.xib in Resources */ = {isa = PBXBuildFile; fileRef = ACCFD73E1B50D58D00DA5F06 /* EventView.xib */; };
		ACCFD7451B51E4FD00DA5F06 /* EventCollectionViewCell.m in Sources */ = {isa = PBXBuildFile; fileRef = ACCFD7441B51E4FD00DA5F06 /* EventCollectionViewCell.m */; };
		ACCFD7481B51E63600DA5F06 /* BaseCollectionViewController.m in Sources */ = {isa = PBXBuildFile; fileRef = ACCFD7471B51E63600DA5F06 /* BaseCollectionViewController.m */; };
		ACCFD74C1B51E69900DA5F06 /* EventsCollectionViewController.m in Sources */ = {isa = PBXBuildFile; fileRef = ACCFD74B1B51E69900DA5F06 /* EventsCollectionViewController.m */; };
		ACCFD74F1B51E94100DA5F06 /* YPOEvent.m in Sources */ = {isa = PBXBuildFile; fileRef = ACCFD74E1B51E94100DA5F06 /* YPOEvent.m */; };
		ACCFD7551B526CD100DA5F06 /* EventHeaderView.m in Sources */ = {isa = PBXBuildFile; fileRef = ACCFD7541B526CD100DA5F06 /* EventHeaderView.m */; };
		ACCFD7581B54073C00DA5F06 /* EventDetailsViewController.m in Sources */ = {isa = PBXBuildFile; fileRef = ACCFD7571B54073C00DA5F06 /* EventDetailsViewController.m */; };
		ACD1B9DF1B6F62780051A870 /* YPOUser.m in Sources */ = {isa = PBXBuildFile; fileRef = ACD1B9DE1B6F62780051A870 /* YPOUser.m */; };
		ACD3F2771B834E8E00485FD3 /* YPOAttributedLabel.m in Sources */ = {isa = PBXBuildFile; fileRef = ACD3F2761B834E8E00485FD3 /* YPOAttributedLabel.m */; };
		ACD916981B3E82E100A93A06 /* YPOSyncManager.m in Sources */ = {isa = PBXBuildFile; fileRef = ACD916971B3E82E100A93A06 /* YPOSyncManager.m */; };
		ACD9169B1B3E836E00A93A06 /* YPOErrorhandler.m in Sources */ = {isa = PBXBuildFile; fileRef = ACD9169A1B3E836E00A93A06 /* YPOErrorhandler.m */; };
		ACD9169D1B3E869400A93A06 /* NewsTableViewCell.xib in Resources */ = {isa = PBXBuildFile; fileRef = ACD9169C1B3E869400A93A06 /* NewsTableViewCell.xib */; };
		ACD9169F1B3E870300A93A06 /* MemberTableViewCell.xib in Resources */ = {isa = PBXBuildFile; fileRef = ACD9169E1B3E870300A93A06 /* MemberTableViewCell.xib */; };
		ACD916A21B3E899000A93A06 /* NSDate+FormattedString.m in Sources */ = {isa = PBXBuildFile; fileRef = ACD916A11B3E899000A93A06 /* NSDate+FormattedString.m */; };
		ACD916A51B3E906A00A93A06 /* NewsViewController.m in Sources */ = {isa = PBXBuildFile; fileRef = ACD916A41B3E906A00A93A06 /* NewsViewController.m */; };
		ACFE55BC1B67D4C900A78D6B /* CCLoginBackgroundView.m in Sources */ = {isa = PBXBuildFile; fileRef = ACFE55BB1B67D4C900A78D6B /* CCLoginBackgroundView.m */; };
		D43EDA971B394A460022FAD4 /* YPORemoteManagedObject.m in Sources */ = {isa = PBXBuildFile; fileRef = D43EDA961B394A460022FAD4 /* YPORemoteManagedObject.m */; };
		D43EDA9A1B394A9C0022FAD4 /* YPOArticle.m in Sources */ = {isa = PBXBuildFile; fileRef = D43EDA991B394A9C0022FAD4 /* YPOArticle.m */; };
		D43EDA9D1B394F970022FAD4 /* NSDate+InternetDate.m in Sources */ = {isa = PBXBuildFile; fileRef = D43EDA9C1B394F970022FAD4 /* NSDate+InternetDate.m */; };
		D451A69F1B3A66BB0083D9C2 /* YPORole.m in Sources */ = {isa = PBXBuildFile; fileRef = D451A69E1B3A66BB0083D9C2 /* YPORole.m */; };
		D451A6A51B3A689A0083D9C2 /* YPOHTTPRequest.m in Sources */ = {isa = PBXBuildFile; fileRef = D451A6A41B3A689A0083D9C2 /* YPOHTTPRequest.m */; };
		D451A6B31B3AA6470083D9C2 /* YPOHTTPRequestSerializer.m in Sources */ = {isa = PBXBuildFile; fileRef = D451A6B21B3AA6470083D9C2 /* YPOHTTPRequestSerializer.m */; };
/* End PBXBuildFile section */

/* Begin PBXContainerItemProxy section */
		32F5D5891B22A81700B40ACE /* PBXContainerItemProxy */ = {
			isa = PBXContainerItemProxy;
			containerPortal = 32F5D5641B22A81700B40ACE /* Project object */;
			proxyType = 1;
			remoteGlobalIDString = 32F5D56B1B22A81700B40ACE;
			remoteInfo = "YPO-WPO SG";
		};
/* End PBXContainerItemProxy section */

/* Begin PBXFileReference section */
		0D09B34936790A424A4B858C /* Pods-YPO-WPO SG.release.xcconfig */ = {isa = PBXFileReference; includeInIndex = 1; lastKnownFileType = text.xcconfig; name = "Pods-YPO-WPO SG.release.xcconfig"; path = "Pods/Target Support Files/Pods-YPO-WPO SG/Pods-YPO-WPO SG.release.xcconfig"; sourceTree = "<group>"; };
		32EA00991B2333F300B392E2 /* BaseViewController.h */ = {isa = PBXFileReference; fileEncoding = 4; lastKnownFileType = sourcecode.c.h; path = BaseViewController.h; sourceTree = "<group>"; };
		32EA009A1B2333F300B392E2 /* BaseViewController.m */ = {isa = PBXFileReference; fileEncoding = 4; lastKnownFileType = sourcecode.c.objc; path = BaseViewController.m; sourceTree = "<group>"; };
		32EA009C1B2334D700B392E2 /* BaseTableViewController.h */ = {isa = PBXFileReference; fileEncoding = 4; lastKnownFileType = sourcecode.c.h; path = BaseTableViewController.h; sourceTree = "<group>"; };
		32EA009D1B2334D700B392E2 /* BaseTableViewController.m */ = {isa = PBXFileReference; fileEncoding = 4; lastKnownFileType = sourcecode.c.objc; path = BaseTableViewController.m; sourceTree = "<group>"; };
		32EA009F1B23351700B392E2 /* LoginViewController.h */ = {isa = PBXFileReference; fileEncoding = 4; lastKnownFileType = sourcecode.c.h; name = LoginViewController.h; path = "YPO-WPO SG/Controllers/Login/LoginViewController.h"; sourceTree = SOURCE_ROOT; };
		32EA00A01B23351700B392E2 /* LoginViewController.m */ = {isa = PBXFileReference; fileEncoding = 4; lastKnownFileType = sourcecode.c.objc; name = LoginViewController.m; path = "YPO-WPO SG/Controllers/Login/LoginViewController.m"; sourceTree = SOURCE_ROOT; };
		32EA00A21B2347D400B392E2 /* BaseNavigationViewController.h */ = {isa = PBXFileReference; fileEncoding = 4; lastKnownFileType = sourcecode.c.h; path = BaseNavigationViewController.h; sourceTree = "<group>"; };
		32EA00A31B2347D400B392E2 /* BaseNavigationViewController.m */ = {isa = PBXFileReference; fileEncoding = 4; lastKnownFileType = sourcecode.c.objc; path = BaseNavigationViewController.m; sourceTree = "<group>"; };
		32F5D56C1B22A81700B40ACE /* YPO-WPO SG.app */ = {isa = PBXFileReference; explicitFileType = wrapper.application; includeInIndex = 0; path = "YPO-WPO SG.app"; sourceTree = BUILT_PRODUCTS_DIR; };
		32F5D5701B22A81700B40ACE /* Info.plist */ = {isa = PBXFileReference; lastKnownFileType = text.plist.xml; path = Info.plist; sourceTree = "<group>"; };
		32F5D5711B22A81700B40ACE /* main.m */ = {isa = PBXFileReference; lastKnownFileType = sourcecode.c.objc; path = main.m; sourceTree = "<group>"; };
		32F5D5731B22A81700B40ACE /* AppDelegate.h */ = {isa = PBXFileReference; lastKnownFileType = sourcecode.c.h; path = AppDelegate.h; sourceTree = "<group>"; };
		32F5D5741B22A81700B40ACE /* AppDelegate.m */ = {isa = PBXFileReference; lastKnownFileType = sourcecode.c.objc; path = AppDelegate.m; sourceTree = "<group>"; };
		32F5D5771B22A81700B40ACE /* YPO_WPO_SG.xcdatamodel */ = {isa = PBXFileReference; lastKnownFileType = wrapper.xcdatamodel; path = YPO_WPO_SG.xcdatamodel; sourceTree = "<group>"; };
		32F5D57D1B22A81700B40ACE /* Base */ = {isa = PBXFileReference; lastKnownFileType = file.storyboard; name = Base; path = Base.lproj/Main.storyboard; sourceTree = "<group>"; };
		32F5D57F1B22A81700B40ACE /* Images.xcassets */ = {isa = PBXFileReference; lastKnownFileType = folder.assetcatalog; path = Images.xcassets; sourceTree = "<group>"; };
		32F5D5821B22A81700B40ACE /* Base */ = {isa = PBXFileReference; lastKnownFileType = file.xib; name = Base; path = Base.lproj/LaunchScreen.xib; sourceTree = "<group>"; };
		32F5D5881B22A81700B40ACE /* YPO-WPO SGTests.xctest */ = {isa = PBXFileReference; explicitFileType = wrapper.cfbundle; includeInIndex = 0; path = "YPO-WPO SGTests.xctest"; sourceTree = BUILT_PRODUCTS_DIR; };
		32F5D58D1B22A81700B40ACE /* Info.plist */ = {isa = PBXFileReference; lastKnownFileType = text.plist.xml; path = Info.plist; sourceTree = "<group>"; };
		32F5D58E1B22A81700B40ACE /* YPO_WPO_SGTests.m */ = {isa = PBXFileReference; lastKnownFileType = sourcecode.c.objc; path = YPO_WPO_SGTests.m; sourceTree = "<group>"; };
		AC0605AA1B2AB9FF00EB0F5F /* DirectoryViewController.h */ = {isa = PBXFileReference; fileEncoding = 4; lastKnownFileType = sourcecode.c.h; path = DirectoryViewController.h; sourceTree = "<group>"; };
		AC0605AB1B2AB9FF00EB0F5F /* DirectoryViewController.m */ = {isa = PBXFileReference; fileEncoding = 4; lastKnownFileType = sourcecode.c.objc; path = DirectoryViewController.m; sourceTree = "<group>"; };
		AC0605AD1B2ABB2F00EB0F5F /* UIColor+Theme.h */ = {isa = PBXFileReference; fileEncoding = 4; lastKnownFileType = sourcecode.c.h; path = "UIColor+Theme.h"; sourceTree = "<group>"; };
		AC0605AE1B2ABB2F00EB0F5F /* UIColor+Theme.m */ = {isa = PBXFileReference; fileEncoding = 4; lastKnownFileType = sourcecode.c.objc; path = "UIColor+Theme.m"; sourceTree = "<group>"; };
		AC0605B01B2ABD1800EB0F5F /* TableViewHeader.h */ = {isa = PBXFileReference; fileEncoding = 4; lastKnownFileType = sourcecode.c.h; path = TableViewHeader.h; sourceTree = "<group>"; };
		AC0605B11B2ABD1800EB0F5F /* TableViewHeader.m */ = {isa = PBXFileReference; fileEncoding = 4; lastKnownFileType = sourcecode.c.objc; path = TableViewHeader.m; sourceTree = "<group>"; };
		AC0605B31B2ABD3300EB0F5F /* TableViewHeader.xib */ = {isa = PBXFileReference; fileEncoding = 4; lastKnownFileType = file.xib; path = TableViewHeader.xib; sourceTree = "<group>"; };
		AC67C27A1B415EB20054EAB9 /* CommentsViewController.h */ = {isa = PBXFileReference; fileEncoding = 4; lastKnownFileType = sourcecode.c.h; path = CommentsViewController.h; sourceTree = "<group>"; };
		AC67C27B1B415EB20054EAB9 /* CommentsViewController.m */ = {isa = PBXFileReference; fileEncoding = 4; lastKnownFileType = sourcecode.c.objc; path = CommentsViewController.m; sourceTree = "<group>"; };
		AC67C27D1B415F240054EAB9 /* CommentTextView.h */ = {isa = PBXFileReference; fileEncoding = 4; lastKnownFileType = sourcecode.c.h; path = CommentTextView.h; sourceTree = "<group>"; };
		AC67C27E1B415F240054EAB9 /* CommentTextView.m */ = {isa = PBXFileReference; fileEncoding = 4; lastKnownFileType = sourcecode.c.objc; path = CommentTextView.m; sourceTree = "<group>"; };
		AC67C2801B4167540054EAB9 /* CommentTableViewCell.h */ = {isa = PBXFileReference; fileEncoding = 4; lastKnownFileType = sourcecode.c.h; path = CommentTableViewCell.h; sourceTree = "<group>"; };
		AC67C2811B4167540054EAB9 /* CommentTableViewCell.m */ = {isa = PBXFileReference; fileEncoding = 4; lastKnownFileType = sourcecode.c.objc; path = CommentTableViewCell.m; sourceTree = "<group>"; };
		AC67C2831B4172100054EAB9 /* YPOComment.h */ = {isa = PBXFileReference; fileEncoding = 4; lastKnownFileType = sourcecode.c.h; path = YPOComment.h; sourceTree = "<group>"; };
		AC67C2841B4172100054EAB9 /* YPOComment.m */ = {isa = PBXFileReference; fileEncoding = 4; lastKnownFileType = sourcecode.c.objc; path = YPOComment.m; sourceTree = "<group>"; };
		AC74515C1B4149B200E081DC /* UIImage+CircleMask.h */ = {isa = PBXFileReference; fileEncoding = 4; lastKnownFileType = sourcecode.c.h; path = "UIImage+CircleMask.h"; sourceTree = "<group>"; };
		AC74515D1B4149B200E081DC /* UIImage+CircleMask.m */ = {isa = PBXFileReference; fileEncoding = 4; lastKnownFileType = sourcecode.c.objc; path = "UIImage+CircleMask.m"; sourceTree = "<group>"; };
		AC76E1161B26F94900AFB494 /* Macro.h */ = {isa = PBXFileReference; fileEncoding = 4; lastKnownFileType = sourcecode.c.h; path = Macro.h; sourceTree = "<group>"; };
		AC76E1171B26F9CF00AFB494 /* YPO-PrefixHeader.pch */ = {isa = PBXFileReference; fileEncoding = 4; lastKnownFileType = sourcecode.c.h; path = "YPO-PrefixHeader.pch"; sourceTree = "<group>"; };
		ACA549621B429DF500721346 /* YPOChapter.h */ = {isa = PBXFileReference; fileEncoding = 4; lastKnownFileType = sourcecode.c.h; path = YPOChapter.h; sourceTree = "<group>"; };
		ACA549631B429DF500721346 /* YPOChapter.m */ = {isa = PBXFileReference; fileEncoding = 4; lastKnownFileType = sourcecode.c.objc; path = YPOChapter.m; sourceTree = "<group>"; };
		ACA549651B429DF500721346 /* YPOForum.h */ = {isa = PBXFileReference; fileEncoding = 4; lastKnownFileType = sourcecode.c.h; path = YPOForum.h; sourceTree = "<group>"; };
		ACA549661B429DF500721346 /* YPOForum.m */ = {isa = PBXFileReference; fileEncoding = 4; lastKnownFileType = sourcecode.c.objc; path = YPOForum.m; sourceTree = "<group>"; };
		ACA5496A1B42A96A00721346 /* ForumTableViewController.h */ = {isa = PBXFileReference; fileEncoding = 4; lastKnownFileType = sourcecode.c.h; path = ForumTableViewController.h; sourceTree = "<group>"; };
		ACA5496B1B42A96A00721346 /* ForumTableViewController.m */ = {isa = PBXFileReference; fileEncoding = 4; lastKnownFileType = sourcecode.c.objc; path = ForumTableViewController.m; sourceTree = "<group>"; };
		ACA5496D1B42AFB000721346 /* ChapterTableViewController.h */ = {isa = PBXFileReference; fileEncoding = 4; lastKnownFileType = sourcecode.c.h; path = ChapterTableViewController.h; sourceTree = "<group>"; };
		ACA5496E1B42AFB000721346 /* ChapterTableViewController.m */ = {isa = PBXFileReference; fileEncoding = 4; lastKnownFileType = sourcecode.c.objc; path = ChapterTableViewController.m; sourceTree = "<group>"; };
		ACA549701B42DC1500721346 /* YPOMemberDetails.h */ = {isa = PBXFileReference; fileEncoding = 4; lastKnownFileType = sourcecode.c.h; path = YPOMemberDetails.h; sourceTree = "<group>"; };
		ACA549711B42DC1500721346 /* YPOMemberDetails.m */ = {isa = PBXFileReference; fileEncoding = 4; lastKnownFileType = sourcecode.c.objc; path = YPOMemberDetails.m; sourceTree = "<group>"; };
		ACA549731B42DC7800721346 /* YPOMember.h */ = {isa = PBXFileReference; fileEncoding = 4; lastKnownFileType = sourcecode.c.h; path = YPOMember.h; sourceTree = "<group>"; };
		ACA549741B42DC7800721346 /* YPOMember.m */ = {isa = PBXFileReference; fileEncoding = 4; lastKnownFileType = sourcecode.c.objc; path = YPOMember.m; sourceTree = "<group>"; };
		ACADDC051B48222800B97FFC /* Fabric.framework */ = {isa = PBXFileReference; lastKnownFileType = wrapper.framework; path = Fabric.framework; sourceTree = SOURCE_ROOT; };
		ACADDC061B48222800B97FFC /* Crashlytics.framework */ = {isa = PBXFileReference; lastKnownFileType = wrapper.framework; path = Crashlytics.framework; sourceTree = SOURCE_ROOT; };
		ACB2C5DB1B7B63D3000FFC52 /* UIColor+Hex.h */ = {isa = PBXFileReference; fileEncoding = 4; lastKnownFileType = sourcecode.c.h; path = "UIColor+Hex.h"; sourceTree = "<group>"; };
		ACB2C5DC1B7B63D3000FFC52 /* UIColor+Hex.m */ = {isa = PBXFileReference; fileEncoding = 4; lastKnownFileType = sourcecode.c.objc; path = "UIColor+Hex.m"; sourceTree = "<group>"; };
		ACB3F5361B6A4CE400A8B279 /* YPOTabBarController.h */ = {isa = PBXFileReference; fileEncoding = 4; lastKnownFileType = sourcecode.c.h; path = YPOTabBarController.h; sourceTree = "<group>"; };
		ACB3F5371B6A4CE400A8B279 /* YPOTabBarController.m */ = {isa = PBXFileReference; fileEncoding = 4; lastKnownFileType = sourcecode.c.objc; path = YPOTabBarController.m; sourceTree = "<group>"; };
		ACB3F5391B6A57B200A8B279 /* ChangePasswordController.h */ = {isa = PBXFileReference; fileEncoding = 4; lastKnownFileType = sourcecode.c.h; path = ChangePasswordController.h; sourceTree = "<group>"; };
		ACB3F53A1B6A57B200A8B279 /* ChangePasswordController.m */ = {isa = PBXFileReference; fileEncoding = 4; lastKnownFileType = sourcecode.c.objc; path = ChangePasswordController.m; sourceTree = "<group>"; };
		ACBF24E61B70C6C600C6B0B3 /* Pods-YPO-WPO SG.adhoc.xcconfig */ = {isa = PBXFileReference; fileEncoding = 4; lastKnownFileType = text.xcconfig; name = "Pods-YPO-WPO SG.adhoc.xcconfig"; path = "Pods/Target Support Files/Pods-YPO-WPO SG/Pods-YPO-WPO SG.adhoc.xcconfig"; sourceTree = "<group>"; };
		ACBF24E71B70C6C600C6B0B3 /* Pods-YPO-WPO SG.distribution.xcconfig */ = {isa = PBXFileReference; fileEncoding = 4; lastKnownFileType = text.xcconfig; name = "Pods-YPO-WPO SG.distribution.xcconfig"; path = "Pods/Target Support Files/Pods-YPO-WPO SG/Pods-YPO-WPO SG.distribution.xcconfig"; sourceTree = "<group>"; };
		ACC9939B1B29B55B008E262E /* YPOAPIClient.h */ = {isa = PBXFileReference; fileEncoding = 4; lastKnownFileType = sourcecode.c.h; path = YPOAPIClient.h; sourceTree = "<group>"; };
		ACC9939C1B29B55B008E262E /* YPOAPIClient.m */ = {isa = PBXFileReference; fileEncoding = 4; lastKnownFileType = sourcecode.c.objc; path = YPOAPIClient.m; sourceTree = "<group>"; };
		ACC9939E1B29B5EA008E262E /* YPOConfig.h */ = {isa = PBXFileReference; fileEncoding = 4; lastKnownFileType = sourcecode.c.h; path = YPOConfig.h; sourceTree = "<group>"; };
		ACC9939F1B29B5EA008E262E /* YPOConfig.m */ = {isa = PBXFileReference; fileEncoding = 4; lastKnownFileType = sourcecode.c.objc; path = YPOConfig.m; sourceTree = "<group>"; };
		ACC993A11B29B84B008E262E /* NewsfeedViewController.h */ = {isa = PBXFileReference; fileEncoding = 4; lastKnownFileType = sourcecode.c.h; name = NewsfeedViewController.h; path = "YPO-WPO SG/Controllers/Newsfeed/NewsfeedViewController.h"; sourceTree = SOURCE_ROOT; };
		ACC993A21B29B84B008E262E /* NewsfeedViewController.m */ = {isa = PBXFileReference; fileEncoding = 4; lastKnownFileType = sourcecode.c.objc; name = NewsfeedViewController.m; path = "YPO-WPO SG/Controllers/Newsfeed/NewsfeedViewController.m"; sourceTree = SOURCE_ROOT; };
		ACC993A61B29CBD3008E262E /* NewsTableViewCell.h */ = {isa = PBXFileReference; fileEncoding = 4; lastKnownFileType = sourcecode.c.h; path = NewsTableViewCell.h; sourceTree = "<group>"; };
		ACC993A71B29CBD3008E262E /* NewsTableViewCell.m */ = {isa = PBXFileReference; fileEncoding = 4; lastKnownFileType = sourcecode.c.objc; path = NewsTableViewCell.m; sourceTree = "<group>"; };
		ACC993A91B29CC97008E262E /* MemberTableViewCell.h */ = {isa = PBXFileReference; fileEncoding = 4; lastKnownFileType = sourcecode.c.h; path = MemberTableViewCell.h; sourceTree = "<group>"; };
		ACC993AA1B29CC97008E262E /* MemberTableViewCell.m */ = {isa = PBXFileReference; fileEncoding = 4; lastKnownFileType = sourcecode.c.objc; path = MemberTableViewCell.m; sourceTree = "<group>"; };
		ACC993AF1B29D571008E262E /* SettingsViewController.h */ = {isa = PBXFileReference; fileEncoding = 4; lastKnownFileType = sourcecode.c.h; path = SettingsViewController.h; sourceTree = "<group>"; };
		ACC993B01B29D571008E262E /* SettingsViewController.m */ = {isa = PBXFileReference; fileEncoding = 4; lastKnownFileType = sourcecode.c.objc; path = SettingsViewController.m; sourceTree = "<group>"; };
		ACC993B21B29DBE7008E262E /* NewsDetailsViewController.h */ = {isa = PBXFileReference; fileEncoding = 4; lastKnownFileType = sourcecode.c.h; path = NewsDetailsViewController.h; sourceTree = "<group>"; };
		ACC993B31B29DBE7008E262E /* NewsDetailsViewController.m */ = {isa = PBXFileReference; fileEncoding = 4; lastKnownFileType = sourcecode.c.objc; path = NewsDetailsViewController.m; sourceTree = "<group>"; };
		ACCBFA081B3EF685004D8446 /* MembersListViewController.h */ = {isa = PBXFileReference; fileEncoding = 4; lastKnownFileType = sourcecode.c.h; path = MembersListViewController.h; sourceTree = "<group>"; };
		ACCBFA091B3EF685004D8446 /* MembersListViewController.m */ = {isa = PBXFileReference; fileEncoding = 4; lastKnownFileType = sourcecode.c.objc; path = MembersListViewController.m; sourceTree = "<group>"; };
		ACCBFA0B1B3EFE86004D8446 /* MembersFilteredViewController.h */ = {isa = PBXFileReference; fileEncoding = 4; lastKnownFileType = sourcecode.c.h; path = MembersFilteredViewController.h; sourceTree = "<group>"; };
		ACCBFA0C1B3EFE86004D8446 /* MembersFilteredViewController.m */ = {isa = PBXFileReference; fileEncoding = 4; lastKnownFileType = sourcecode.c.objc; path = MembersFilteredViewController.m; sourceTree = "<group>"; };
		ACCBFA0E1B3F08CC004D8446 /* MemberDetailsViewController.h */ = {isa = PBXFileReference; fileEncoding = 4; lastKnownFileType = sourcecode.c.h; path = MemberDetailsViewController.h; sourceTree = "<group>"; };
		ACCBFA0F1B3F08CC004D8446 /* MemberDetailsViewController.m */ = {isa = PBXFileReference; fileEncoding = 4; lastKnownFileType = sourcecode.c.objc; path = MemberDetailsViewController.m; sourceTree = "<group>"; };
		ACCBFA171B3F0A69004D8446 /* YPOContactDetails.h */ = {isa = PBXFileReference; fileEncoding = 4; lastKnownFileType = sourcecode.c.h; path = YPOContactDetails.h; sourceTree = "<group>"; };
		ACCBFA181B3F0A69004D8446 /* YPOContactDetails.m */ = {isa = PBXFileReference; fileEncoding = 4; lastKnownFileType = sourcecode.c.objc; path = YPOContactDetails.m; sourceTree = "<group>"; };
		ACCBFA1A1B3F0A69004D8446 /* YPOCompany.h */ = {isa = PBXFileReference; fileEncoding = 4; lastKnownFileType = sourcecode.c.h; path = YPOCompany.h; sourceTree = "<group>"; };
		ACCBFA1B1B3F0A69004D8446 /* YPOCompany.m */ = {isa = PBXFileReference; fileEncoding = 4; lastKnownFileType = sourcecode.c.objc; path = YPOCompany.m; sourceTree = "<group>"; };
		ACCBFA201B3F1DDB004D8446 /* NSString+NotEmpty.h */ = {isa = PBXFileReference; fileEncoding = 4; lastKnownFileType = sourcecode.c.h; path = "NSString+NotEmpty.h"; sourceTree = "<group>"; };
		ACCBFA211B3F1DDB004D8446 /* NSString+NotEmpty.m */ = {isa = PBXFileReference; fileEncoding = 4; lastKnownFileType = sourcecode.c.objc; path = "NSString+NotEmpty.m"; sourceTree = "<group>"; };
		ACCBFA231B3F2343004D8446 /* CircleImageView.h */ = {isa = PBXFileReference; fileEncoding = 4; lastKnownFileType = sourcecode.c.h; path = CircleImageView.h; sourceTree = "<group>"; };
		ACCBFA241B3F2343004D8446 /* CircleImageView.m */ = {isa = PBXFileReference; fileEncoding = 4; lastKnownFileType = sourcecode.c.objc; path = CircleImageView.m; sourceTree = "<group>"; };
		ACCDA5FA1B5E9911007A14A9 /* css */ = {isa = PBXFileReference; lastKnownFileType = folder; path = css; sourceTree = "<group>"; };
		ACCF4C961B63750D00F40CEE /* YPONotification.h */ = {isa = PBXFileReference; fileEncoding = 4; lastKnownFileType = sourcecode.c.h; path = YPONotification.h; sourceTree = "<group>"; };
		ACCF4C971B63750D00F40CEE /* YPONotification.m */ = {isa = PBXFileReference; fileEncoding = 4; lastKnownFileType = sourcecode.c.objc; path = YPONotification.m; sourceTree = "<group>"; };
		ACCF4C9A1B6377F700F40CEE /* NotificationTableViewController.h */ = {isa = PBXFileReference; fileEncoding = 4; lastKnownFileType = sourcecode.c.h; path = NotificationTableViewController.h; sourceTree = "<group>"; };
		ACCF4C9B1B6377F700F40CEE /* NotificationTableViewController.m */ = {isa = PBXFileReference; fileEncoding = 4; lastKnownFileType = sourcecode.c.objc; path = NotificationTableViewController.m; sourceTree = "<group>"; };
		ACCF4C9D1B637DCA00F40CEE /* NotificationTableViewCell.h */ = {isa = PBXFileReference; fileEncoding = 4; lastKnownFileType = sourcecode.c.h; path = NotificationTableViewCell.h; sourceTree = "<group>"; };
		ACCF4C9E1B637DCA00F40CEE /* NotificationTableViewCell.m */ = {isa = PBXFileReference; fileEncoding = 4; lastKnownFileType = sourcecode.c.objc; path = NotificationTableViewCell.m; sourceTree = "<group>"; };
		ACCF4CA01B63BBBF00F40CEE /* UIImageView+YPOCache.h */ = {isa = PBXFileReference; fileEncoding = 4; lastKnownFileType = sourcecode.c.h; path = "UIImageView+YPOCache.h"; sourceTree = "<group>"; };
		ACCF4CA11B63BBBF00F40CEE /* UIImageView+YPOCache.m */ = {isa = PBXFileReference; fileEncoding = 4; lastKnownFileType = sourcecode.c.objc; path = "UIImageView+YPOCache.m"; sourceTree = "<group>"; };
		ACCFD7351B50C29900DA5F06 /* YPOImageCache.h */ = {isa = PBXFileReference; fileEncoding = 4; lastKnownFileType = sourcecode.c.h; path = YPOImageCache.h; sourceTree = "<group>"; };
		ACCFD7361B50C29900DA5F06 /* YPOImageCache.m */ = {isa = PBXFileReference; fileEncoding = 4; lastKnownFileType = sourcecode.c.objc; path = YPOImageCache.m; sourceTree = "<group>"; };
		ACCFD73B1B50D56B00DA5F06 /* EventView.h */ = {isa = PBXFileReference; fileEncoding = 4; lastKnownFileType = sourcecode.c.h; path = EventView.h; sourceTree = "<group>"; };
		ACCFD73C1B50D56B00DA5F06 /* EventView.m */ = {isa = PBXFileReference; fileEncoding = 4; lastKnownFileType = sourcecode.c.objc; path = EventView.m; sourceTree = "<group>"; };
		ACCFD73E1B50D58D00DA5F06 /* EventView.xib */ = {isa = PBXFileReference; fileEncoding = 4; lastKnownFileType = file.xib; path = EventView.xib; sourceTree = "<group>"; };
		ACCFD7431B51E4FD00DA5F06 /* EventCollectionViewCell.h */ = {isa = PBXFileReference; fileEncoding = 4; lastKnownFileType = sourcecode.c.h; path = EventCollectionViewCell.h; sourceTree = "<group>"; };
		ACCFD7441B51E4FD00DA5F06 /* EventCollectionViewCell.m */ = {isa = PBXFileReference; fileEncoding = 4; lastKnownFileType = sourcecode.c.objc; path = EventCollectionViewCell.m; sourceTree = "<group>"; };
		ACCFD7461B51E63600DA5F06 /* BaseCollectionViewController.h */ = {isa = PBXFileReference; fileEncoding = 4; lastKnownFileType = sourcecode.c.h; path = BaseCollectionViewController.h; sourceTree = "<group>"; };
		ACCFD7471B51E63600DA5F06 /* BaseCollectionViewController.m */ = {isa = PBXFileReference; fileEncoding = 4; lastKnownFileType = sourcecode.c.objc; path = BaseCollectionViewController.m; sourceTree = "<group>"; };
		ACCFD74A1B51E69900DA5F06 /* EventsCollectionViewController.h */ = {isa = PBXFileReference; fileEncoding = 4; lastKnownFileType = sourcecode.c.h; path = EventsCollectionViewController.h; sourceTree = "<group>"; };
		ACCFD74B1B51E69900DA5F06 /* EventsCollectionViewController.m */ = {isa = PBXFileReference; fileEncoding = 4; lastKnownFileType = sourcecode.c.objc; path = EventsCollectionViewController.m; sourceTree = "<group>"; };
		ACCFD74D1B51E94100DA5F06 /* YPOEvent.h */ = {isa = PBXFileReference; fileEncoding = 4; lastKnownFileType = sourcecode.c.h; path = YPOEvent.h; sourceTree = "<group>"; };
		ACCFD74E1B51E94100DA5F06 /* YPOEvent.m */ = {isa = PBXFileReference; fileEncoding = 4; lastKnownFileType = sourcecode.c.objc; path = YPOEvent.m; sourceTree = "<group>"; };
		ACCFD7531B526CD100DA5F06 /* EventHeaderView.h */ = {isa = PBXFileReference; fileEncoding = 4; lastKnownFileType = sourcecode.c.h; path = EventHeaderView.h; sourceTree = "<group>"; };
		ACCFD7541B526CD100DA5F06 /* EventHeaderView.m */ = {isa = PBXFileReference; fileEncoding = 4; lastKnownFileType = sourcecode.c.objc; path = EventHeaderView.m; sourceTree = "<group>"; };
		ACCFD7561B54073C00DA5F06 /* EventDetailsViewController.h */ = {isa = PBXFileReference; fileEncoding = 4; lastKnownFileType = sourcecode.c.h; path = EventDetailsViewController.h; sourceTree = "<group>"; };
		ACCFD7571B54073C00DA5F06 /* EventDetailsViewController.m */ = {isa = PBXFileReference; fileEncoding = 4; lastKnownFileType = sourcecode.c.objc; path = EventDetailsViewController.m; sourceTree = "<group>"; };
		ACD1B9DD1B6F62780051A870 /* YPOUser.h */ = {isa = PBXFileReference; fileEncoding = 4; lastKnownFileType = sourcecode.c.h; path = YPOUser.h; sourceTree = "<group>"; };
		ACD1B9DE1B6F62780051A870 /* YPOUser.m */ = {isa = PBXFileReference; fileEncoding = 4; lastKnownFileType = sourcecode.c.objc; path = YPOUser.m; sourceTree = "<group>"; };
		ACD3F2751B834E8E00485FD3 /* YPOAttributedLabel.h */ = {isa = PBXFileReference; fileEncoding = 4; lastKnownFileType = sourcecode.c.h; path = YPOAttributedLabel.h; sourceTree = "<group>"; };
		ACD3F2761B834E8E00485FD3 /* YPOAttributedLabel.m */ = {isa = PBXFileReference; fileEncoding = 4; lastKnownFileType = sourcecode.c.objc; path = YPOAttributedLabel.m; sourceTree = "<group>"; };
		ACD916961B3E82E100A93A06 /* YPOSyncManager.h */ = {isa = PBXFileReference; fileEncoding = 4; lastKnownFileType = sourcecode.c.h; path = YPOSyncManager.h; sourceTree = "<group>"; };
		ACD916971B3E82E100A93A06 /* YPOSyncManager.m */ = {isa = PBXFileReference; fileEncoding = 4; lastKnownFileType = sourcecode.c.objc; path = YPOSyncManager.m; sourceTree = "<group>"; };
		ACD916991B3E836E00A93A06 /* YPOErrorhandler.h */ = {isa = PBXFileReference; fileEncoding = 4; lastKnownFileType = sourcecode.c.h; path = YPOErrorhandler.h; sourceTree = "<group>"; };
		ACD9169A1B3E836E00A93A06 /* YPOErrorhandler.m */ = {isa = PBXFileReference; fileEncoding = 4; lastKnownFileType = sourcecode.c.objc; path = YPOErrorhandler.m; sourceTree = "<group>"; };
		ACD9169C1B3E869400A93A06 /* NewsTableViewCell.xib */ = {isa = PBXFileReference; fileEncoding = 4; lastKnownFileType = file.xib; path = NewsTableViewCell.xib; sourceTree = "<group>"; };
		ACD9169E1B3E870300A93A06 /* MemberTableViewCell.xib */ = {isa = PBXFileReference; fileEncoding = 4; lastKnownFileType = file.xib; path = MemberTableViewCell.xib; sourceTree = "<group>"; };
		ACD916A01B3E899000A93A06 /* NSDate+FormattedString.h */ = {isa = PBXFileReference; fileEncoding = 4; lastKnownFileType = sourcecode.c.h; path = "NSDate+FormattedString.h"; sourceTree = "<group>"; };
		ACD916A11B3E899000A93A06 /* NSDate+FormattedString.m */ = {isa = PBXFileReference; fileEncoding = 4; lastKnownFileType = sourcecode.c.objc; path = "NSDate+FormattedString.m"; sourceTree = "<group>"; };
		ACD916A31B3E906A00A93A06 /* NewsViewController.h */ = {isa = PBXFileReference; fileEncoding = 4; lastKnownFileType = sourcecode.c.h; path = NewsViewController.h; sourceTree = "<group>"; };
		ACD916A41B3E906A00A93A06 /* NewsViewController.m */ = {isa = PBXFileReference; fileEncoding = 4; lastKnownFileType = sourcecode.c.objc; path = NewsViewController.m; sourceTree = "<group>"; };
		ACFE55BA1B67D4C900A78D6B /* CCLoginBackgroundView.h */ = {isa = PBXFileReference; fileEncoding = 4; lastKnownFileType = sourcecode.c.h; path = CCLoginBackgroundView.h; sourceTree = "<group>"; };
		ACFE55BB1B67D4C900A78D6B /* CCLoginBackgroundView.m */ = {isa = PBXFileReference; fileEncoding = 4; lastKnownFileType = sourcecode.c.objc; path = CCLoginBackgroundView.m; sourceTree = "<group>"; };
		C8E24FC899ECC821D3BAF10B /* Pods-YPO-WPO SG.debug.xcconfig */ = {isa = PBXFileReference; includeInIndex = 1; lastKnownFileType = text.xcconfig; name = "Pods-YPO-WPO SG.debug.xcconfig"; path = "Pods/Target Support Files/Pods-YPO-WPO SG/Pods-YPO-WPO SG.debug.xcconfig"; sourceTree = "<group>"; };
		D43EDA951B394A460022FAD4 /* YPORemoteManagedObject.h */ = {isa = PBXFileReference; fileEncoding = 4; lastKnownFileType = sourcecode.c.h; path = YPORemoteManagedObject.h; sourceTree = "<group>"; };
		D43EDA961B394A460022FAD4 /* YPORemoteManagedObject.m */ = {isa = PBXFileReference; fileEncoding = 4; lastKnownFileType = sourcecode.c.objc; path = YPORemoteManagedObject.m; sourceTree = "<group>"; };
		D43EDA981B394A9C0022FAD4 /* YPOArticle.h */ = {isa = PBXFileReference; fileEncoding = 4; lastKnownFileType = sourcecode.c.h; path = YPOArticle.h; sourceTree = "<group>"; };
		D43EDA991B394A9C0022FAD4 /* YPOArticle.m */ = {isa = PBXFileReference; fileEncoding = 4; lastKnownFileType = sourcecode.c.objc; path = YPOArticle.m; sourceTree = "<group>"; };
		D43EDA9B1B394F970022FAD4 /* NSDate+InternetDate.h */ = {isa = PBXFileReference; fileEncoding = 4; lastKnownFileType = sourcecode.c.h; path = "NSDate+InternetDate.h"; sourceTree = "<group>"; };
		D43EDA9C1B394F970022FAD4 /* NSDate+InternetDate.m */ = {isa = PBXFileReference; fileEncoding = 4; lastKnownFileType = sourcecode.c.objc; path = "NSDate+InternetDate.m"; sourceTree = "<group>"; };
		D451A69D1B3A66BB0083D9C2 /* YPORole.h */ = {isa = PBXFileReference; fileEncoding = 4; lastKnownFileType = sourcecode.c.h; path = YPORole.h; sourceTree = "<group>"; };
		D451A69E1B3A66BB0083D9C2 /* YPORole.m */ = {isa = PBXFileReference; fileEncoding = 4; lastKnownFileType = sourcecode.c.objc; path = YPORole.m; sourceTree = "<group>"; };
		D451A6A31B3A689A0083D9C2 /* YPOHTTPRequest.h */ = {isa = PBXFileReference; fileEncoding = 4; lastKnownFileType = sourcecode.c.h; path = YPOHTTPRequest.h; sourceTree = "<group>"; };
		D451A6A41B3A689A0083D9C2 /* YPOHTTPRequest.m */ = {isa = PBXFileReference; fileEncoding = 4; lastKnownFileType = sourcecode.c.objc; path = YPOHTTPRequest.m; sourceTree = "<group>"; };
		D451A6B11B3AA6470083D9C2 /* YPOHTTPRequestSerializer.h */ = {isa = PBXFileReference; fileEncoding = 4; lastKnownFileType = sourcecode.c.h; path = YPOHTTPRequestSerializer.h; sourceTree = "<group>"; };
		D451A6B21B3AA6470083D9C2 /* YPOHTTPRequestSerializer.m */ = {isa = PBXFileReference; fileEncoding = 4; lastKnownFileType = sourcecode.c.objc; path = YPOHTTPRequestSerializer.m; sourceTree = "<group>"; };
		EB14134EFF597ADAD6B96C8D /* libPods-YPO-WPO SG.a */ = {isa = PBXFileReference; explicitFileType = archive.ar; includeInIndex = 0; path = "libPods-YPO-WPO SG.a"; sourceTree = BUILT_PRODUCTS_DIR; };
/* End PBXFileReference section */

/* Begin PBXFrameworksBuildPhase section */
		32F5D5691B22A81700B40ACE /* Frameworks */ = {
			isa = PBXFrameworksBuildPhase;
			buildActionMask = 2147483647;
			files = (
				7F51511992692F0E890173DC /* libPods-YPO-WPO SG.a in Frameworks */,
				ACADDC081B48222800B97FFC /* Crashlytics.framework in Frameworks */,
				ACADDC071B48222800B97FFC /* Fabric.framework in Frameworks */,
			);
			runOnlyForDeploymentPostprocessing = 0;
		};
		32F5D5851B22A81700B40ACE /* Frameworks */ = {
			isa = PBXFrameworksBuildPhase;
			buildActionMask = 2147483647;
			files = (
			);
			runOnlyForDeploymentPostprocessing = 0;
		};
/* End PBXFrameworksBuildPhase section */

/* Begin PBXGroup section */
		07AED282F102099F0407BBAA /* Pods */ = {
			isa = PBXGroup;
			children = (
				ACBF24E61B70C6C600C6B0B3 /* Pods-YPO-WPO SG.adhoc.xcconfig */,
				ACBF24E71B70C6C600C6B0B3 /* Pods-YPO-WPO SG.distribution.xcconfig */,
				C8E24FC899ECC821D3BAF10B /* Pods-YPO-WPO SG.debug.xcconfig */,
				0D09B34936790A424A4B858C /* Pods-YPO-WPO SG.release.xcconfig */,
			);
			name = Pods;
			sourceTree = "<group>";
		};
		32EA00941B2332A600B392E2 /* Categories */ = {
			isa = PBXGroup;
			children = (
				AC0605AD1B2ABB2F00EB0F5F /* UIColor+Theme.h */,
				AC0605AE1B2ABB2F00EB0F5F /* UIColor+Theme.m */,
				D43EDA9B1B394F970022FAD4 /* NSDate+InternetDate.h */,
				D43EDA9C1B394F970022FAD4 /* NSDate+InternetDate.m */,
				ACD916A01B3E899000A93A06 /* NSDate+FormattedString.h */,
				ACD916A11B3E899000A93A06 /* NSDate+FormattedString.m */,
				ACCBFA201B3F1DDB004D8446 /* NSString+NotEmpty.h */,
				ACCBFA211B3F1DDB004D8446 /* NSString+NotEmpty.m */,
				AC74515C1B4149B200E081DC /* UIImage+CircleMask.h */,
				AC74515D1B4149B200E081DC /* UIImage+CircleMask.m */,
				ACCF4CA01B63BBBF00F40CEE /* UIImageView+YPOCache.h */,
				ACCF4CA11B63BBBF00F40CEE /* UIImageView+YPOCache.m */,
				ACB2C5DB1B7B63D3000FFC52 /* UIColor+Hex.h */,
				ACB2C5DC1B7B63D3000FFC52 /* UIColor+Hex.m */,
			);
			path = Categories;
			sourceTree = "<group>";
		};
		32EA00951B2332B100B392E2 /* Controllers */ = {
			isa = PBXGroup;
			children = (
				ACCF4C991B63774500F40CEE /* Notification */,
				ACCFD7491B51E66600DA5F06 /* Events */,
				AC0605A91B2AB98800EB0F5F /* Directory */,
				ACC993AE1B29D546008E262E /* Settings */,
				ACC993AD1B29D43D008E262E /* Login */,
				ACC993AC1B29D3F2008E262E /* Newsfeed */,
				32EA00991B2333F300B392E2 /* BaseViewController.h */,
				32EA009A1B2333F300B392E2 /* BaseViewController.m */,
				32EA009C1B2334D700B392E2 /* BaseTableViewController.h */,
				32EA009D1B2334D700B392E2 /* BaseTableViewController.m */,
				32EA00A21B2347D400B392E2 /* BaseNavigationViewController.h */,
				32EA00A31B2347D400B392E2 /* BaseNavigationViewController.m */,
				ACCFD7461B51E63600DA5F06 /* BaseCollectionViewController.h */,
				ACCFD7471B51E63600DA5F06 /* BaseCollectionViewController.m */,
				ACB3F5361B6A4CE400A8B279 /* YPOTabBarController.h */,
				ACB3F5371B6A4CE400A8B279 /* YPOTabBarController.m */,
			);
			path = Controllers;
			sourceTree = "<group>";
		};
		32EA00961B2332B900B392E2 /* Views */ = {
			isa = PBXGroup;
			children = (
				AC0605B01B2ABD1800EB0F5F /* TableViewHeader.h */,
				AC0605B11B2ABD1800EB0F5F /* TableViewHeader.m */,
				AC0605B31B2ABD3300EB0F5F /* TableViewHeader.xib */,
				ACCBFA231B3F2343004D8446 /* CircleImageView.h */,
				ACCBFA241B3F2343004D8446 /* CircleImageView.m */,
				AC67C27D1B415F240054EAB9 /* CommentTextView.h */,
				AC67C27E1B415F240054EAB9 /* CommentTextView.m */,
				ACCFD73B1B50D56B00DA5F06 /* EventView.h */,
				ACCFD73C1B50D56B00DA5F06 /* EventView.m */,
				ACCFD73E1B50D58D00DA5F06 /* EventView.xib */,
				ACCFD7531B526CD100DA5F06 /* EventHeaderView.h */,
				ACCFD7541B526CD100DA5F06 /* EventHeaderView.m */,
				ACD3F2751B834E8E00485FD3 /* YPOAttributedLabel.h */,
				ACD3F2761B834E8E00485FD3 /* YPOAttributedLabel.m */,
			);
			path = Views;
			sourceTree = "<group>";
		};
		32EA00971B2332C200B392E2 /* Models */ = {
			isa = PBXGroup;
			children = (
				ACD1B9DD1B6F62780051A870 /* YPOUser.h */,
				ACD1B9DE1B6F62780051A870 /* YPOUser.m */,
				ACCF4C961B63750D00F40CEE /* YPONotification.h */,
				ACCF4C971B63750D00F40CEE /* YPONotification.m */,
				ACCFD74D1B51E94100DA5F06 /* YPOEvent.h */,
				ACCFD74E1B51E94100DA5F06 /* YPOEvent.m */,
				ACA549731B42DC7800721346 /* YPOMember.h */,
				ACA549741B42DC7800721346 /* YPOMember.m */,
				ACA549651B429DF500721346 /* YPOForum.h */,
				ACA549661B429DF500721346 /* YPOForum.m */,
				ACA549621B429DF500721346 /* YPOChapter.h */,
				ACA549631B429DF500721346 /* YPOChapter.m */,
				AC67C2831B4172100054EAB9 /* YPOComment.h */,
				AC67C2841B4172100054EAB9 /* YPOComment.m */,
				ACCBFA1A1B3F0A69004D8446 /* YPOCompany.h */,
				ACCBFA1B1B3F0A69004D8446 /* YPOCompany.m */,
				ACCBFA171B3F0A69004D8446 /* YPOContactDetails.h */,
				ACCBFA181B3F0A69004D8446 /* YPOContactDetails.m */,
				D451A69D1B3A66BB0083D9C2 /* YPORole.h */,
				D451A69E1B3A66BB0083D9C2 /* YPORole.m */,
				D43EDA981B394A9C0022FAD4 /* YPOArticle.h */,
				D43EDA991B394A9C0022FAD4 /* YPOArticle.m */,
				ACA549701B42DC1500721346 /* YPOMemberDetails.h */,
				ACA549711B42DC1500721346 /* YPOMemberDetails.m */,
			);
			path = Models;
			sourceTree = "<group>";
		};
		32EA00981B2332C900B392E2 /* Lib */ = {
			isa = PBXGroup;
			children = (
				ACC9939B1B29B55B008E262E /* YPOAPIClient.h */,
				ACC9939C1B29B55B008E262E /* YPOAPIClient.m */,
				D43EDA951B394A460022FAD4 /* YPORemoteManagedObject.h */,
				D43EDA961B394A460022FAD4 /* YPORemoteManagedObject.m */,
				D451A6A31B3A689A0083D9C2 /* YPOHTTPRequest.h */,
				D451A6A41B3A689A0083D9C2 /* YPOHTTPRequest.m */,
				D451A6B11B3AA6470083D9C2 /* YPOHTTPRequestSerializer.h */,
				D451A6B21B3AA6470083D9C2 /* YPOHTTPRequestSerializer.m */,
				ACD916961B3E82E100A93A06 /* YPOSyncManager.h */,
				ACD916971B3E82E100A93A06 /* YPOSyncManager.m */,
				ACD916991B3E836E00A93A06 /* YPOErrorhandler.h */,
				ACD9169A1B3E836E00A93A06 /* YPOErrorhandler.m */,
				ACCFD7351B50C29900DA5F06 /* YPOImageCache.h */,
				ACCFD7361B50C29900DA5F06 /* YPOImageCache.m */,
			);
			path = Lib;
			sourceTree = "<group>";
		};
		32F5D5631B22A81700B40ACE = {
			isa = PBXGroup;
			children = (
				32F5D56E1B22A81700B40ACE /* YPO-WPO SG */,
				32F5D58B1B22A81700B40ACE /* YPO-WPO SGTests */,
				32F5D56D1B22A81700B40ACE /* Products */,
				07AED282F102099F0407BBAA /* Pods */,
				E891EC75A4F103006C2D1330 /* Frameworks */,
			);
			sourceTree = "<group>";
		};
		32F5D56D1B22A81700B40ACE /* Products */ = {
			isa = PBXGroup;
			children = (
				32F5D56C1B22A81700B40ACE /* YPO-WPO SG.app */,
				32F5D5881B22A81700B40ACE /* YPO-WPO SGTests.xctest */,
			);
			name = Products;
			sourceTree = "<group>";
		};
		32F5D56E1B22A81700B40ACE /* YPO-WPO SG */ = {
			isa = PBXGroup;
			children = (
				ACD1E3CC1B469BB500FECCEB /* Vendor */,
				ACC993A51B29CBA8008E262E /* Cell */,
				32EA00981B2332C900B392E2 /* Lib */,
				32EA00971B2332C200B392E2 /* Models */,
				32EA00961B2332B900B392E2 /* Views */,
				32EA00951B2332B100B392E2 /* Controllers */,
				32EA00941B2332A600B392E2 /* Categories */,
				32F5D5731B22A81700B40ACE /* AppDelegate.h */,
				32F5D5741B22A81700B40ACE /* AppDelegate.m */,
				32F5D57C1B22A81700B40ACE /* Main.storyboard */,
				32F5D57F1B22A81700B40ACE /* Images.xcassets */,
				32F5D5811B22A81700B40ACE /* LaunchScreen.xib */,
				32F5D5761B22A81700B40ACE /* YPO_WPO_SG.xcdatamodeld */,
				32F5D56F1B22A81700B40ACE /* Supporting Files */,
				AC76E1161B26F94900AFB494 /* Macro.h */,
				ACC9939E1B29B5EA008E262E /* YPOConfig.h */,
				ACC9939F1B29B5EA008E262E /* YPOConfig.m */,
			);
			path = "YPO-WPO SG";
			sourceTree = "<group>";
		};
		32F5D56F1B22A81700B40ACE /* Supporting Files */ = {
			isa = PBXGroup;
			children = (
				ACCDA5FA1B5E9911007A14A9 /* css */,
				32F5D5701B22A81700B40ACE /* Info.plist */,
				32F5D5711B22A81700B40ACE /* main.m */,
				AC76E1171B26F9CF00AFB494 /* YPO-PrefixHeader.pch */,
			);
			name = "Supporting Files";
			sourceTree = "<group>";
		};
		32F5D58B1B22A81700B40ACE /* YPO-WPO SGTests */ = {
			isa = PBXGroup;
			children = (
				32F5D58E1B22A81700B40ACE /* YPO_WPO_SGTests.m */,
				32F5D58C1B22A81700B40ACE /* Supporting Files */,
			);
			path = "YPO-WPO SGTests";
			sourceTree = "<group>";
		};
		32F5D58C1B22A81700B40ACE /* Supporting Files */ = {
			isa = PBXGroup;
			children = (
				32F5D58D1B22A81700B40ACE /* Info.plist */,
			);
			name = "Supporting Files";
			sourceTree = "<group>";
		};
		AC0605A91B2AB98800EB0F5F /* Directory */ = {
			isa = PBXGroup;
			children = (
				AC0605AA1B2AB9FF00EB0F5F /* DirectoryViewController.h */,
				AC0605AB1B2AB9FF00EB0F5F /* DirectoryViewController.m */,
				ACCBFA081B3EF685004D8446 /* MembersListViewController.h */,
				ACCBFA091B3EF685004D8446 /* MembersListViewController.m */,
				ACCBFA0B1B3EFE86004D8446 /* MembersFilteredViewController.h */,
				ACCBFA0C1B3EFE86004D8446 /* MembersFilteredViewController.m */,
				ACCBFA0E1B3F08CC004D8446 /* MemberDetailsViewController.h */,
				ACCBFA0F1B3F08CC004D8446 /* MemberDetailsViewController.m */,
				ACA5496A1B42A96A00721346 /* ForumTableViewController.h */,
				ACA5496B1B42A96A00721346 /* ForumTableViewController.m */,
				ACA5496D1B42AFB000721346 /* ChapterTableViewController.h */,
				ACA5496E1B42AFB000721346 /* ChapterTableViewController.m */,
			);
			path = Directory;
			sourceTree = "<group>";
		};
		ACC993A51B29CBA8008E262E /* Cell */ = {
			isa = PBXGroup;
			children = (
				ACC993A61B29CBD3008E262E /* NewsTableViewCell.h */,
				ACC993A71B29CBD3008E262E /* NewsTableViewCell.m */,
				ACC993A91B29CC97008E262E /* MemberTableViewCell.h */,
				ACC993AA1B29CC97008E262E /* MemberTableViewCell.m */,
				ACD9169C1B3E869400A93A06 /* NewsTableViewCell.xib */,
				ACD9169E1B3E870300A93A06 /* MemberTableViewCell.xib */,
				AC67C2801B4167540054EAB9 /* CommentTableViewCell.h */,
				AC67C2811B4167540054EAB9 /* CommentTableViewCell.m */,
				ACCFD7431B51E4FD00DA5F06 /* EventCollectionViewCell.h */,
				ACCFD7441B51E4FD00DA5F06 /* EventCollectionViewCell.m */,
				ACCF4C9D1B637DCA00F40CEE /* NotificationTableViewCell.h */,
				ACCF4C9E1B637DCA00F40CEE /* NotificationTableViewCell.m */,
			);
			name = Cell;
			path = Cells;
			sourceTree = "<group>";
		};
		ACC993AC1B29D3F2008E262E /* Newsfeed */ = {
			isa = PBXGroup;
			children = (
				ACC993A11B29B84B008E262E /* NewsfeedViewController.h */,
				ACC993A21B29B84B008E262E /* NewsfeedViewController.m */,
				ACC993B21B29DBE7008E262E /* NewsDetailsViewController.h */,
				ACC993B31B29DBE7008E262E /* NewsDetailsViewController.m */,
				ACD916A31B3E906A00A93A06 /* NewsViewController.h */,
				ACD916A41B3E906A00A93A06 /* NewsViewController.m */,
				AC67C27A1B415EB20054EAB9 /* CommentsViewController.h */,
				AC67C27B1B415EB20054EAB9 /* CommentsViewController.m */,
			);
			path = Newsfeed;
			sourceTree = "<group>";
		};
		ACC993AD1B29D43D008E262E /* Login */ = {
			isa = PBXGroup;
			children = (
				32EA009F1B23351700B392E2 /* LoginViewController.h */,
				32EA00A01B23351700B392E2 /* LoginViewController.m */,
			);
			path = Login;
			sourceTree = "<group>";
		};
		ACC993AE1B29D546008E262E /* Settings */ = {
			isa = PBXGroup;
			children = (
				ACC993AF1B29D571008E262E /* SettingsViewController.h */,
				ACC993B01B29D571008E262E /* SettingsViewController.m */,
				ACB3F5391B6A57B200A8B279 /* ChangePasswordController.h */,
				ACB3F53A1B6A57B200A8B279 /* ChangePasswordController.m */,
			);
			path = Settings;
			sourceTree = "<group>";
		};
		ACCF4C991B63774500F40CEE /* Notification */ = {
			isa = PBXGroup;
			children = (
				ACCF4C9A1B6377F700F40CEE /* NotificationTableViewController.h */,
				ACCF4C9B1B6377F700F40CEE /* NotificationTableViewController.m */,
			);
			path = Notification;
			sourceTree = "<group>";
		};
		ACCFD7491B51E66600DA5F06 /* Events */ = {
			isa = PBXGroup;
			children = (
				ACCFD74A1B51E69900DA5F06 /* EventsCollectionViewController.h */,
				ACCFD74B1B51E69900DA5F06 /* EventsCollectionViewController.m */,
				ACCFD7561B54073C00DA5F06 /* EventDetailsViewController.h */,
				ACCFD7571B54073C00DA5F06 /* EventDetailsViewController.m */,
			);
			path = Events;
			sourceTree = "<group>";
		};
		ACD1E3CC1B469BB500FECCEB /* Vendor */ = {
			isa = PBXGroup;
			children = (
				ACFE55B91B67D4A400A78D6B /* CCLoginBackgroundView */,
				ACADDC051B48222800B97FFC /* Fabric.framework */,
				ACADDC061B48222800B97FFC /* Crashlytics.framework */,
			);
			path = Vendor;
			sourceTree = "<group>";
		};
		ACFE55B91B67D4A400A78D6B /* CCLoginBackgroundView */ = {
			isa = PBXGroup;
			children = (
				ACFE55BA1B67D4C900A78D6B /* CCLoginBackgroundView.h */,
				ACFE55BB1B67D4C900A78D6B /* CCLoginBackgroundView.m */,
			);
			path = CCLoginBackgroundView;
			sourceTree = "<group>";
		};
		E891EC75A4F103006C2D1330 /* Frameworks */ = {
			isa = PBXGroup;
			children = (
				EB14134EFF597ADAD6B96C8D /* libPods-YPO-WPO SG.a */,
			);
			name = Frameworks;
			sourceTree = "<group>";
		};
/* End PBXGroup section */

/* Begin PBXNativeTarget section */
		32F5D56B1B22A81700B40ACE /* YPO-WPO SG */ = {
			isa = PBXNativeTarget;
			buildConfigurationList = 32F5D5921B22A81700B40ACE /* Build configuration list for PBXNativeTarget "YPO-WPO SG" */;
			buildPhases = (
				A8BBA10DF78216A93702707B /* Check Pods Manifest.lock */,
				32F5D5681B22A81700B40ACE /* Sources */,
				32F5D5691B22A81700B40ACE /* Frameworks */,
				32F5D56A1B22A81700B40ACE /* Resources */,
				3D0EA02CAE62FB588D01C099 /* Copy Pods Resources */,
				ACD32C141B45735800E437F2 /* ShellScript */,
			);
			buildRules = (
			);
			dependencies = (
			);
			name = "YPO-WPO SG";
			productName = "YPO-WPO SG";
			productReference = 32F5D56C1B22A81700B40ACE /* YPO-WPO SG.app */;
			productType = "com.apple.product-type.application";
		};
		32F5D5871B22A81700B40ACE /* YPO-WPO SGTests */ = {
			isa = PBXNativeTarget;
			buildConfigurationList = 32F5D5951B22A81700B40ACE /* Build configuration list for PBXNativeTarget "YPO-WPO SGTests" */;
			buildPhases = (
				32F5D5841B22A81700B40ACE /* Sources */,
				32F5D5851B22A81700B40ACE /* Frameworks */,
				32F5D5861B22A81700B40ACE /* Resources */,
			);
			buildRules = (
			);
			dependencies = (
				32F5D58A1B22A81700B40ACE /* PBXTargetDependency */,
			);
			name = "YPO-WPO SGTests";
			productName = "YPO-WPO SGTests";
			productReference = 32F5D5881B22A81700B40ACE /* YPO-WPO SGTests.xctest */;
			productType = "com.apple.product-type.bundle.unit-test";
		};
/* End PBXNativeTarget section */

/* Begin PBXProject section */
		32F5D5641B22A81700B40ACE /* Project object */ = {
			isa = PBXProject;
			attributes = {
				LastUpgradeCheck = 0640;
				ORGANIZATIONNAME = Raketeers;
				TargetAttributes = {
					32F5D56B1B22A81700B40ACE = {
						CreatedOnToolsVersion = 6.3.2;
						DevelopmentTeam = E74MJ3YL9A;
					};
					32F5D5871B22A81700B40ACE = {
						CreatedOnToolsVersion = 6.3.2;
						TestTargetID = 32F5D56B1B22A81700B40ACE;
					};
				};
			};
			buildConfigurationList = 32F5D5671B22A81700B40ACE /* Build configuration list for PBXProject "YPO-WPO SG" */;
			compatibilityVersion = "Xcode 3.2";
			developmentRegion = English;
			hasScannedForEncodings = 0;
			knownRegions = (
				en,
				Base,
			);
			mainGroup = 32F5D5631B22A81700B40ACE;
			productRefGroup = 32F5D56D1B22A81700B40ACE /* Products */;
			projectDirPath = "";
			projectRoot = "";
			targets = (
				32F5D56B1B22A81700B40ACE /* YPO-WPO SG */,
				32F5D5871B22A81700B40ACE /* YPO-WPO SGTests */,
			);
		};
/* End PBXProject section */

/* Begin PBXResourcesBuildPhase section */
		32F5D56A1B22A81700B40ACE /* Resources */ = {
			isa = PBXResourcesBuildPhase;
			buildActionMask = 2147483647;
			files = (
				ACCDA5FB1B5E9911007A14A9 /* css in Resources */,
				ACCFD73F1B50D58D00DA5F06 /* EventView.xib in Resources */,
				ACBF24E81B70C6C600C6B0B3 /* Pods-YPO-WPO SG.adhoc.xcconfig in Resources */,
				AC0605B41B2ABD3300EB0F5F /* TableViewHeader.xib in Resources */,
				ACD9169F1B3E870300A93A06 /* MemberTableViewCell.xib in Resources */,
				32F5D57E1B22A81700B40ACE /* Main.storyboard in Resources */,
				ACBF24E91B70C6C600C6B0B3 /* Pods-YPO-WPO SG.distribution.xcconfig in Resources */,
				32F5D5831B22A81700B40ACE /* LaunchScreen.xib in Resources */,
				32F5D5801B22A81700B40ACE /* Images.xcassets in Resources */,
				ACD9169D1B3E869400A93A06 /* NewsTableViewCell.xib in Resources */,
			);
			runOnlyForDeploymentPostprocessing = 0;
		};
		32F5D5861B22A81700B40ACE /* Resources */ = {
			isa = PBXResourcesBuildPhase;
			buildActionMask = 2147483647;
			files = (
			);
			runOnlyForDeploymentPostprocessing = 0;
		};
/* End PBXResourcesBuildPhase section */

/* Begin PBXShellScriptBuildPhase section */
		3D0EA02CAE62FB588D01C099 /* Copy Pods Resources */ = {
			isa = PBXShellScriptBuildPhase;
			buildActionMask = 2147483647;
			files = (
			);
			inputPaths = (
			);
			name = "Copy Pods Resources";
			outputPaths = (
			);
			runOnlyForDeploymentPostprocessing = 0;
			shellPath = /bin/sh;
			shellScript = "\"${SRCROOT}/Pods/Target Support Files/Pods-YPO-WPO SG/Pods-YPO-WPO SG-resources.sh\"\n";
			showEnvVarsInLog = 0;
		};
		A8BBA10DF78216A93702707B /* Check Pods Manifest.lock */ = {
			isa = PBXShellScriptBuildPhase;
			buildActionMask = 2147483647;
			files = (
			);
			inputPaths = (
			);
			name = "Check Pods Manifest.lock";
			outputPaths = (
			);
			runOnlyForDeploymentPostprocessing = 0;
			shellPath = /bin/sh;
			shellScript = "diff \"${PODS_ROOT}/../Podfile.lock\" \"${PODS_ROOT}/Manifest.lock\" > /dev/null\nif [[ $? != 0 ]] ; then\n    cat << EOM\nerror: The sandbox is not in sync with the Podfile.lock. Run 'pod install' or update your CocoaPods installation.\nEOM\n    exit 1\nfi\n";
			showEnvVarsInLog = 0;
		};
		ACD32C141B45735800E437F2 /* ShellScript */ = {
			isa = PBXShellScriptBuildPhase;
			buildActionMask = 2147483647;
			files = (
			);
			inputPaths = (
			);
			outputPaths = (
			);
			runOnlyForDeploymentPostprocessing = 0;
			shellPath = /bin/sh;
			shellScript = "./Fabric.framework/run 2d58c5317b8f46c506240ee1ce504345b882b72b 75734113f79d77733baaaeff48c523f8d6c19276fa96e1952d0aa3b18dd10bfc";
		};
/* End PBXShellScriptBuildPhase section */

/* Begin PBXSourcesBuildPhase section */
		32F5D5681B22A81700B40ACE /* Sources */ = {
			isa = PBXSourcesBuildPhase;
			buildActionMask = 2147483647;
			files = (
				ACA549641B429DF500721346 /* YPOChapter.m in Sources */,
				32F5D5751B22A81700B40ACE /* AppDelegate.m in Sources */,
				32EA009B1B2333F300B392E2 /* BaseViewController.m in Sources */,
				ACC9939D1B29B55B008E262E /* YPOAPIClient.m in Sources */,
				ACA5496F1B42AFB000721346 /* ChapterTableViewController.m in Sources */,
				AC74515E1B4149B200E081DC /* UIImage+CircleMask.m in Sources */,
				ACC993A01B29B5EA008E262E /* YPOConfig.m in Sources */,
				ACD9169B1B3E836E00A93A06 /* YPOErrorhandler.m in Sources */,
				ACCBFA0A1B3EF685004D8446 /* MembersListViewController.m in Sources */,
				32EA00A41B2347D400B392E2 /* BaseNavigationViewController.m in Sources */,
				AC0605AF1B2ABB2F00EB0F5F /* UIColor+Theme.m in Sources */,
				ACB2C5DD1B7B63D3000FFC52 /* UIColor+Hex.m in Sources */,
				ACCF4C981B63750D00F40CEE /* YPONotification.m in Sources */,
				ACCBFA251B3F2343004D8446 /* CircleImageView.m in Sources */,
				32EA00A11B23351700B392E2 /* LoginViewController.m in Sources */,
				32F5D5721B22A81700B40ACE /* main.m in Sources */,
				ACCFD74C1B51E69900DA5F06 /* EventsCollectionViewController.m in Sources */,
				ACCF4C9F1B637DCA00F40CEE /* NotificationTableViewCell.m in Sources */,
				D451A6B31B3AA6470083D9C2 /* YPOHTTPRequestSerializer.m in Sources */,
				ACCBFA101B3F08CC004D8446 /* MemberDetailsViewController.m in Sources */,
				ACC993AB1B29CC97008E262E /* MemberTableViewCell.m in Sources */,
				AC0605AC1B2AB9FF00EB0F5F /* DirectoryViewController.m in Sources */,
				32F5D5781B22A81700B40ACE /* YPO_WPO_SG.xcdatamodeld in Sources */,
				ACCFD7371B50C29900DA5F06 /* YPOImageCache.m in Sources */,
				ACD3F2771B834E8E00485FD3 /* YPOAttributedLabel.m in Sources */,
				ACC993A81B29CBD3008E262E /* NewsTableViewCell.m in Sources */,
				32EA009E1B2334D700B392E2 /* BaseTableViewController.m in Sources */,
				ACA549671B429DF500721346 /* YPOForum.m in Sources */,
				ACD1B9DF1B6F62780051A870 /* YPOUser.m in Sources */,
				ACCFD7581B54073C00DA5F06 /* EventDetailsViewController.m in Sources */,
				ACCBFA0D1B3EFE86004D8446 /* MembersFilteredViewController.m in Sources */,
				ACD916981B3E82E100A93A06 /* YPOSyncManager.m in Sources */,
				AC67C27C1B415EB20054EAB9 /* CommentsViewController.m in Sources */,
				AC67C2821B4167540054EAB9 /* CommentTableViewCell.m in Sources */,
				ACA549751B42DC7800721346 /* YPOMember.m in Sources */,
				ACCF4C9C1B6377F700F40CEE /* NotificationTableViewController.m in Sources */,
				AC67C27F1B415F240054EAB9 /* CommentTextView.m in Sources */,
				ACCFD7451B51E4FD00DA5F06 /* EventCollectionViewCell.m in Sources */,
				ACD916A51B3E906A00A93A06 /* NewsViewController.m in Sources */,
				ACCFD7481B51E63600DA5F06 /* BaseCollectionViewController.m in Sources */,
				AC67C2851B4172100054EAB9 /* YPOComment.m in Sources */,
				ACC993A31B29B84B008E262E /* NewsfeedViewController.m in Sources */,
				ACC993B11B29D571008E262E /* SettingsViewController.m in Sources */,
				D43EDA971B394A460022FAD4 /* YPORemoteManagedObject.m in Sources */,
				ACA5496C1B42A96A00721346 /* ForumTableViewController.m in Sources */,
				ACFE55BC1B67D4C900A78D6B /* CCLoginBackgroundView.m in Sources */,
				ACCBFA221B3F1DDB004D8446 /* NSString+NotEmpty.m in Sources */,
				ACCFD73D1B50D56B00DA5F06 /* EventView.m in Sources */,
				ACCBFA191B3F0A69004D8446 /* YPOContactDetails.m in Sources */,
				ACA549721B42DC1500721346 /* YPOMemberDetails.m in Sources */,
				ACCBFA1C1B3F0A69004D8446 /* YPOCompany.m in Sources */,
				AC0605B21B2ABD1800EB0F5F /* TableViewHeader.m in Sources */,
				ACCFD7551B526CD100DA5F06 /* EventHeaderView.m in Sources */,
				D43EDA9D1B394F970022FAD4 /* NSDate+InternetDate.m in Sources */,
				ACD916A21B3E899000A93A06 /* NSDate+FormattedString.m in Sources */,
				ACCF4CA21B63BBBF00F40CEE /* UIImageView+YPOCache.m in Sources */,
				ACC993B41B29DBE7008E262E /* NewsDetailsViewController.m in Sources */,
				ACB3F53B1B6A57B200A8B279 /* ChangePasswordController.m in Sources */,
				ACCFD74F1B51E94100DA5F06 /* YPOEvent.m in Sources */,
				ACB3F5381B6A4CE400A8B279 /* YPOTabBarController.m in Sources */,
				D451A6A51B3A689A0083D9C2 /* YPOHTTPRequest.m in Sources */,
				D43EDA9A1B394A9C0022FAD4 /* YPOArticle.m in Sources */,
				D451A69F1B3A66BB0083D9C2 /* YPORole.m in Sources */,
			);
			runOnlyForDeploymentPostprocessing = 0;
		};
		32F5D5841B22A81700B40ACE /* Sources */ = {
			isa = PBXSourcesBuildPhase;
			buildActionMask = 2147483647;
			files = (
				32F5D58F1B22A81700B40ACE /* YPO_WPO_SGTests.m in Sources */,
			);
			runOnlyForDeploymentPostprocessing = 0;
		};
/* End PBXSourcesBuildPhase section */

/* Begin PBXTargetDependency section */
		32F5D58A1B22A81700B40ACE /* PBXTargetDependency */ = {
			isa = PBXTargetDependency;
			target = 32F5D56B1B22A81700B40ACE /* YPO-WPO SG */;
			targetProxy = 32F5D5891B22A81700B40ACE /* PBXContainerItemProxy */;
		};
/* End PBXTargetDependency section */

/* Begin PBXVariantGroup section */
		32F5D57C1B22A81700B40ACE /* Main.storyboard */ = {
			isa = PBXVariantGroup;
			children = (
				32F5D57D1B22A81700B40ACE /* Base */,
			);
			name = Main.storyboard;
			sourceTree = "<group>";
		};
		32F5D5811B22A81700B40ACE /* LaunchScreen.xib */ = {
			isa = PBXVariantGroup;
			children = (
				32F5D5821B22A81700B40ACE /* Base */,
			);
			name = LaunchScreen.xib;
			sourceTree = "<group>";
		};
/* End PBXVariantGroup section */

/* Begin XCBuildConfiguration section */
		32F5D5901B22A81700B40ACE /* Debug */ = {
			isa = XCBuildConfiguration;
			buildSettings = {
				ALWAYS_SEARCH_USER_PATHS = NO;
				CLANG_CXX_LANGUAGE_STANDARD = "gnu++0x";
				CLANG_CXX_LIBRARY = "libc++";
				CLANG_ENABLE_MODULES = YES;
				CLANG_ENABLE_OBJC_ARC = YES;
				CLANG_WARN_BOOL_CONVERSION = YES;
				CLANG_WARN_CONSTANT_CONVERSION = YES;
				CLANG_WARN_DIRECT_OBJC_ISA_USAGE = YES_ERROR;
				CLANG_WARN_EMPTY_BODY = YES;
				CLANG_WARN_ENUM_CONVERSION = YES;
				CLANG_WARN_INT_CONVERSION = YES;
				CLANG_WARN_OBJC_ROOT_CLASS = YES_ERROR;
				CLANG_WARN_UNREACHABLE_CODE = YES;
				CLANG_WARN__DUPLICATE_METHOD_MATCH = YES;
				CODE_SIGN_IDENTITY = "iPhone Developer: Mario Antonio Cape (HXADRPNTLT)";
				"CODE_SIGN_IDENTITY[sdk=iphoneos*]" = "iPhone Developer: Mario Antonio Cape (HXADRPNTLT)";
				COPY_PHASE_STRIP = NO;
				DEBUG_INFORMATION_FORMAT = "dwarf-with-dsym";
				ENABLE_STRICT_OBJC_MSGSEND = YES;
				GCC_C_LANGUAGE_STANDARD = gnu99;
				GCC_DYNAMIC_NO_PIC = NO;
				GCC_NO_COMMON_BLOCKS = YES;
				GCC_OPTIMIZATION_LEVEL = 0;
				GCC_PREFIX_HEADER = "YPO-WPO SG/YPO-PrefixHeader.pch";
				GCC_PREPROCESSOR_DEFINITIONS = (
					"DEBUG=1",
					"$(inherited)",
				);
				GCC_SYMBOLS_PRIVATE_EXTERN = NO;
				GCC_WARN_64_TO_32_BIT_CONVERSION = YES;
				GCC_WARN_ABOUT_RETURN_TYPE = YES_ERROR;
				GCC_WARN_UNDECLARED_SELECTOR = YES;
				GCC_WARN_UNINITIALIZED_AUTOS = YES_AGGRESSIVE;
				GCC_WARN_UNUSED_FUNCTION = YES;
				GCC_WARN_UNUSED_VARIABLE = YES;
				IPHONEOS_DEPLOYMENT_TARGET = 8.3;
				MTL_ENABLE_DEBUG_INFO = YES;
				ONLY_ACTIVE_ARCH = YES;
				PROVISIONING_PROFILE = "01c6caa0-565b-408a-8139-2f2d342c5a25";
				SDKROOT = iphoneos;
			};
			name = Debug;
		};
		32F5D5911B22A81700B40ACE /* Release */ = {
			isa = XCBuildConfiguration;
			buildSettings = {
				ALWAYS_SEARCH_USER_PATHS = NO;
				CLANG_CXX_LANGUAGE_STANDARD = "gnu++0x";
				CLANG_CXX_LIBRARY = "libc++";
				CLANG_ENABLE_MODULES = YES;
				CLANG_ENABLE_OBJC_ARC = YES;
				CLANG_WARN_BOOL_CONVERSION = YES;
				CLANG_WARN_CONSTANT_CONVERSION = YES;
				CLANG_WARN_DIRECT_OBJC_ISA_USAGE = YES_ERROR;
				CLANG_WARN_EMPTY_BODY = YES;
				CLANG_WARN_ENUM_CONVERSION = YES;
				CLANG_WARN_INT_CONVERSION = YES;
				CLANG_WARN_OBJC_ROOT_CLASS = YES_ERROR;
				CLANG_WARN_UNREACHABLE_CODE = YES;
				CLANG_WARN__DUPLICATE_METHOD_MATCH = YES;
				CODE_SIGN_IDENTITY = "iPhone Developer: Mario Antonio Cape (HXADRPNTLT)";
				"CODE_SIGN_IDENTITY[sdk=iphoneos*]" = "iPhone Developer: Mario Antonio Cape (HXADRPNTLT)";
				COPY_PHASE_STRIP = NO;
				DEBUG_INFORMATION_FORMAT = "dwarf-with-dsym";
				ENABLE_NS_ASSERTIONS = NO;
				ENABLE_STRICT_OBJC_MSGSEND = YES;
				GCC_C_LANGUAGE_STANDARD = gnu99;
				GCC_NO_COMMON_BLOCKS = YES;
				GCC_PREFIX_HEADER = "YPO-WPO SG/YPO-PrefixHeader.pch";
				GCC_WARN_64_TO_32_BIT_CONVERSION = YES;
				GCC_WARN_ABOUT_RETURN_TYPE = YES_ERROR;
				GCC_WARN_UNDECLARED_SELECTOR = YES;
				GCC_WARN_UNINITIALIZED_AUTOS = YES_AGGRESSIVE;
				GCC_WARN_UNUSED_FUNCTION = YES;
				GCC_WARN_UNUSED_VARIABLE = YES;
				IPHONEOS_DEPLOYMENT_TARGET = 8.3;
				MTL_ENABLE_DEBUG_INFO = NO;
				PROVISIONING_PROFILE = "01c6caa0-565b-408a-8139-2f2d342c5a25";
				SDKROOT = iphoneos;
				VALIDATE_PRODUCT = YES;
			};
			name = Release;
		};
		32F5D5931B22A81700B40ACE /* Debug */ = {
			isa = XCBuildConfiguration;
			baseConfigurationReference = C8E24FC899ECC821D3BAF10B /* Pods-YPO-WPO SG.debug.xcconfig */;
			buildSettings = {
				ASSETCATALOG_COMPILER_APPICON_NAME = AppIcon;
				ASSETCATALOG_COMPILER_LAUNCHIMAGE_NAME = LaunchImage;
				CODE_SIGN_IDENTITY = "iPhone Developer: Mario Antonio Cape (HXADRPNTLT)";
				"CODE_SIGN_IDENTITY[sdk=iphoneos*]" = "iPhone Developer: Mario Antonio Cape (HXADRPNTLT)";
				FRAMEWORK_SEARCH_PATHS = (
					"$(inherited)",
					"$(PROJECT_DIR)",
				);
				HEADER_SEARCH_PATHS = (
					"$(inherited)",
					"\"${PODS_ROOT}/Headers/Public\"",
					"\"${PODS_ROOT}/Headers/Public/AFNetworkActivityLogger\"",
					"\"${PODS_ROOT}/Headers/Public/AFNetworking\"",
					"\"${PODS_ROOT}/Headers/Public/Bolts\"",
					"\"${PODS_ROOT}/Headers/Public/INSPullToRefresh\"",
					"\"${PODS_ROOT}/Headers/Public/MagicalRecord\"",
					"\"${PODS_ROOT}/Headers/Public/MagicalRecord/MagicalRecord\"",
					"\"${PODS_ROOT}/Headers/Public/SDWebImage\"",
					"\"${PODS_ROOT}/Headers/Public/SVProgressHUD\"",
					"\"${PODS_ROOT}/Headers/Public/SlackTextViewController\"",
					"\"${PODS_ROOT}/Headers/Public/SlackTextViewController/Additions\"",
					"\"${PODS_ROOT}/Headers/Public/SlackTextViewController/Classes\"",
					"$(SRCROOT)/YPO-WPO",
					"SG/Vendor/**",
				);
				INFOPLIST_FILE = "YPO-WPO SG/Info.plist";
				IPHONEOS_DEPLOYMENT_TARGET = 7.0;
				LD_RUNPATH_SEARCH_PATHS = "$(inherited) @executable_path/Frameworks";
				PRODUCT_NAME = "$(TARGET_NAME)";
				PROVISIONING_PROFILE = "01c6caa0-565b-408a-8139-2f2d342c5a25";
			};
			name = Debug;
		};
		32F5D5941B22A81700B40ACE /* Release */ = {
			isa = XCBuildConfiguration;
			baseConfigurationReference = 0D09B34936790A424A4B858C /* Pods-YPO-WPO SG.release.xcconfig */;
			buildSettings = {
				ASSETCATALOG_COMPILER_APPICON_NAME = AppIcon;
				ASSETCATALOG_COMPILER_LAUNCHIMAGE_NAME = LaunchImage;
				CODE_SIGN_IDENTITY = "iPhone Developer: Mario Antonio Cape (HXADRPNTLT)";
				"CODE_SIGN_IDENTITY[sdk=iphoneos*]" = "iPhone Developer: Mario Antonio Cape (HXADRPNTLT)";
				FRAMEWORK_SEARCH_PATHS = (
					"$(inherited)",
					"$(PROJECT_DIR)",
				);
				HEADER_SEARCH_PATHS = (
					"$(inherited)",
					"\"${PODS_ROOT}/Headers/Public\"",
					"\"${PODS_ROOT}/Headers/Public/AFNetworkActivityLogger\"",
					"\"${PODS_ROOT}/Headers/Public/AFNetworking\"",
					"\"${PODS_ROOT}/Headers/Public/Bolts\"",
					"\"${PODS_ROOT}/Headers/Public/INSPullToRefresh\"",
					"\"${PODS_ROOT}/Headers/Public/MagicalRecord\"",
					"\"${PODS_ROOT}/Headers/Public/MagicalRecord/MagicalRecord\"",
					"\"${PODS_ROOT}/Headers/Public/SDWebImage\"",
					"\"${PODS_ROOT}/Headers/Public/SVProgressHUD\"",
					"\"${PODS_ROOT}/Headers/Public/SlackTextViewController\"",
					"\"${PODS_ROOT}/Headers/Public/SlackTextViewController/Additions\"",
					"\"${PODS_ROOT}/Headers/Public/SlackTextViewController/Classes\"",
					"$(SRCROOT)/YPO-WPO",
					"SG/Vendor/**",
				);
				INFOPLIST_FILE = "YPO-WPO SG/Info.plist";
				IPHONEOS_DEPLOYMENT_TARGET = 7.0;
				LD_RUNPATH_SEARCH_PATHS = "$(inherited) @executable_path/Frameworks";
				PRODUCT_NAME = "$(TARGET_NAME)";
				PROVISIONING_PROFILE = "01c6caa0-565b-408a-8139-2f2d342c5a25";
			};
			name = Release;
		};
		32F5D5961B22A81700B40ACE /* Debug */ = {
			isa = XCBuildConfiguration;
			buildSettings = {
				BUNDLE_LOADER = "$(TEST_HOST)";
				FRAMEWORK_SEARCH_PATHS = (
					"$(SDKROOT)/Developer/Library/Frameworks",
					"$(inherited)",
				);
				GCC_PREFIX_HEADER = "";
				GCC_PREPROCESSOR_DEFINITIONS = (
					"DEBUG=1",
					"$(inherited)",
				);
				INFOPLIST_FILE = "YPO-WPO SGTests/Info.plist";
				LD_RUNPATH_SEARCH_PATHS = "$(inherited) @executable_path/Frameworks @loader_path/Frameworks";
				PRODUCT_NAME = "$(TARGET_NAME)";
				TEST_HOST = "$(BUILT_PRODUCTS_DIR)/YPO-WPO SG.app/YPO-WPO SG";
			};
			name = Debug;
		};
		32F5D5971B22A81700B40ACE /* Release */ = {
			isa = XCBuildConfiguration;
			buildSettings = {
				BUNDLE_LOADER = "$(TEST_HOST)";
				FRAMEWORK_SEARCH_PATHS = (
					"$(SDKROOT)/Developer/Library/Frameworks",
					"$(inherited)",
				);
				GCC_PREFIX_HEADER = "";
				INFOPLIST_FILE = "YPO-WPO SGTests/Info.plist";
				LD_RUNPATH_SEARCH_PATHS = "$(inherited) @executable_path/Frameworks @loader_path/Frameworks";
				PRODUCT_NAME = "$(TARGET_NAME)";
				TEST_HOST = "$(BUILT_PRODUCTS_DIR)/YPO-WPO SG.app/YPO-WPO SG";
			};
			name = Release;
		};
		ACBF24E01B70C69000C6B0B3 /* Adhoc */ = {
			isa = XCBuildConfiguration;
			buildSettings = {
				ALWAYS_SEARCH_USER_PATHS = NO;
				CLANG_CXX_LANGUAGE_STANDARD = "gnu++0x";
				CLANG_CXX_LIBRARY = "libc++";
				CLANG_ENABLE_MODULES = YES;
				CLANG_ENABLE_OBJC_ARC = YES;
				CLANG_WARN_BOOL_CONVERSION = YES;
				CLANG_WARN_CONSTANT_CONVERSION = YES;
				CLANG_WARN_DIRECT_OBJC_ISA_USAGE = YES_ERROR;
				CLANG_WARN_EMPTY_BODY = YES;
				CLANG_WARN_ENUM_CONVERSION = YES;
				CLANG_WARN_INT_CONVERSION = YES;
				CLANG_WARN_OBJC_ROOT_CLASS = YES_ERROR;
				CLANG_WARN_UNREACHABLE_CODE = YES;
				CLANG_WARN__DUPLICATE_METHOD_MATCH = YES;
				CODE_SIGN_IDENTITY = "iPhone Developer: Mario Antonio Cape (HXADRPNTLT)";
				"CODE_SIGN_IDENTITY[sdk=iphoneos*]" = "iPhone Developer: Mario Antonio Cape (HXADRPNTLT)";
				COPY_PHASE_STRIP = NO;
				DEBUG_INFORMATION_FORMAT = "dwarf-with-dsym";
				ENABLE_NS_ASSERTIONS = NO;
				ENABLE_STRICT_OBJC_MSGSEND = YES;
				GCC_C_LANGUAGE_STANDARD = gnu99;
				GCC_NO_COMMON_BLOCKS = YES;
				GCC_PREFIX_HEADER = "YPO-WPO SG/YPO-PrefixHeader.pch";
				GCC_WARN_64_TO_32_BIT_CONVERSION = YES;
				GCC_WARN_ABOUT_RETURN_TYPE = YES_ERROR;
				GCC_WARN_UNDECLARED_SELECTOR = YES;
				GCC_WARN_UNINITIALIZED_AUTOS = YES_AGGRESSIVE;
				GCC_WARN_UNUSED_FUNCTION = YES;
				GCC_WARN_UNUSED_VARIABLE = YES;
				IPHONEOS_DEPLOYMENT_TARGET = 8.3;
				MTL_ENABLE_DEBUG_INFO = NO;
				PROVISIONING_PROFILE = "01c6caa0-565b-408a-8139-2f2d342c5a25";
				SDKROOT = iphoneos;
				VALIDATE_PRODUCT = YES;
			};
			name = Adhoc;
		};
		ACBF24E11B70C69000C6B0B3 /* Adhoc */ = {
			isa = XCBuildConfiguration;
			baseConfigurationReference = ACBF24E61B70C6C600C6B0B3 /* Pods-YPO-WPO SG.adhoc.xcconfig */;
			buildSettings = {
				ASSETCATALOG_COMPILER_APPICON_NAME = AppIcon;
				ASSETCATALOG_COMPILER_LAUNCHIMAGE_NAME = LaunchImage;
				CODE_SIGN_IDENTITY = "iPhone Developer: Mario Antonio Cape (HXADRPNTLT)";
				"CODE_SIGN_IDENTITY[sdk=iphoneos*]" = "iPhone Developer: Mario Antonio Cape (HXADRPNTLT)";
				FRAMEWORK_SEARCH_PATHS = (
					"$(inherited)",
					"$(PROJECT_DIR)",
				);
				HEADER_SEARCH_PATHS = (
					"$(inherited)",
					"\"${PODS_ROOT}/Headers/Public\"",
					"\"${PODS_ROOT}/Headers/Public/AFNetworkActivityLogger\"",
					"\"${PODS_ROOT}/Headers/Public/AFNetworking\"",
					"\"${PODS_ROOT}/Headers/Public/Bolts\"",
					"\"${PODS_ROOT}/Headers/Public/INSPullToRefresh\"",
					"\"${PODS_ROOT}/Headers/Public/MagicalRecord\"",
					"\"${PODS_ROOT}/Headers/Public/MagicalRecord/MagicalRecord\"",
					"\"${PODS_ROOT}/Headers/Public/SDWebImage\"",
					"\"${PODS_ROOT}/Headers/Public/SVProgressHUD\"",
					"\"${PODS_ROOT}/Headers/Public/SlackTextViewController\"",
					"\"${PODS_ROOT}/Headers/Public/SlackTextViewController/Additions\"",
					"\"${PODS_ROOT}/Headers/Public/SlackTextViewController/Classes\"",
					"$(SRCROOT)/YPO-WPO",
					"SG/Vendor/**",
				);
				INFOPLIST_FILE = "YPO-WPO SG/Info.plist";
				IPHONEOS_DEPLOYMENT_TARGET = 7.0;
				LD_RUNPATH_SEARCH_PATHS = "$(inherited) @executable_path/Frameworks";
				PRODUCT_NAME = "$(TARGET_NAME)";
				PROVISIONING_PROFILE = "01c6caa0-565b-408a-8139-2f2d342c5a25";
			};
			name = Adhoc;
		};
		ACBF24E21B70C69000C6B0B3 /* Adhoc */ = {
			isa = XCBuildConfiguration;
			buildSettings = {
				BUNDLE_LOADER = "$(TEST_HOST)";
				FRAMEWORK_SEARCH_PATHS = (
					"$(SDKROOT)/Developer/Library/Frameworks",
					"$(inherited)",
				);
				GCC_PREFIX_HEADER = "";
				INFOPLIST_FILE = "YPO-WPO SGTests/Info.plist";
				LD_RUNPATH_SEARCH_PATHS = "$(inherited) @executable_path/Frameworks @loader_path/Frameworks";
				PRODUCT_NAME = "$(TARGET_NAME)";
				TEST_HOST = "$(BUILT_PRODUCTS_DIR)/YPO-WPO SG.app/YPO-WPO SG";
			};
			name = Adhoc;
		};
		ACBF24E31B70C69500C6B0B3 /* Distribution */ = {
			isa = XCBuildConfiguration;
			buildSettings = {
				ALWAYS_SEARCH_USER_PATHS = NO;
				CLANG_CXX_LANGUAGE_STANDARD = "gnu++0x";
				CLANG_CXX_LIBRARY = "libc++";
				CLANG_ENABLE_MODULES = YES;
				CLANG_ENABLE_OBJC_ARC = YES;
				CLANG_WARN_BOOL_CONVERSION = YES;
				CLANG_WARN_CONSTANT_CONVERSION = YES;
				CLANG_WARN_DIRECT_OBJC_ISA_USAGE = YES_ERROR;
				CLANG_WARN_EMPTY_BODY = YES;
				CLANG_WARN_ENUM_CONVERSION = YES;
				CLANG_WARN_INT_CONVERSION = YES;
				CLANG_WARN_OBJC_ROOT_CLASS = YES_ERROR;
				CLANG_WARN_UNREACHABLE_CODE = YES;
				CLANG_WARN__DUPLICATE_METHOD_MATCH = YES;
				CODE_SIGN_IDENTITY = "iPhone Developer: Mario Antonio Cape (HXADRPNTLT)";
				"CODE_SIGN_IDENTITY[sdk=iphoneos*]" = "iPhone Developer: Mario Antonio Cape (HXADRPNTLT)";
				COPY_PHASE_STRIP = NO;
				DEBUG_INFORMATION_FORMAT = "dwarf-with-dsym";
				ENABLE_NS_ASSERTIONS = NO;
				ENABLE_STRICT_OBJC_MSGSEND = YES;
				GCC_C_LANGUAGE_STANDARD = gnu99;
				GCC_NO_COMMON_BLOCKS = YES;
				GCC_PREFIX_HEADER = "YPO-WPO SG/YPO-PrefixHeader.pch";
				GCC_WARN_64_TO_32_BIT_CONVERSION = YES;
				GCC_WARN_ABOUT_RETURN_TYPE = YES_ERROR;
				GCC_WARN_UNDECLARED_SELECTOR = YES;
				GCC_WARN_UNINITIALIZED_AUTOS = YES_AGGRESSIVE;
				GCC_WARN_UNUSED_FUNCTION = YES;
				GCC_WARN_UNUSED_VARIABLE = YES;
				IPHONEOS_DEPLOYMENT_TARGET = 8.3;
				MTL_ENABLE_DEBUG_INFO = NO;
				PROVISIONING_PROFILE = "01c6caa0-565b-408a-8139-2f2d342c5a25";
				SDKROOT = iphoneos;
				VALIDATE_PRODUCT = YES;
			};
			name = Distribution;
		};
		ACBF24E41B70C69500C6B0B3 /* Distribution */ = {
			isa = XCBuildConfiguration;
			baseConfigurationReference = ACBF24E71B70C6C600C6B0B3 /* Pods-YPO-WPO SG.distribution.xcconfig */;
			buildSettings = {
				ASSETCATALOG_COMPILER_APPICON_NAME = AppIcon;
				ASSETCATALOG_COMPILER_LAUNCHIMAGE_NAME = LaunchImage;
				CODE_SIGN_IDENTITY = "iPhone Developer: Mario Antonio Cape (HXADRPNTLT)";
				"CODE_SIGN_IDENTITY[sdk=iphoneos*]" = "iPhone Developer: Mario Antonio Cape (HXADRPNTLT)";
				FRAMEWORK_SEARCH_PATHS = (
					"$(inherited)",
					"$(PROJECT_DIR)",
				);
				HEADER_SEARCH_PATHS = (
					"$(inherited)",
					"\"${PODS_ROOT}/Headers/Public\"",
					"\"${PODS_ROOT}/Headers/Public/AFNetworkActivityLogger\"",
					"\"${PODS_ROOT}/Headers/Public/AFNetworking\"",
					"\"${PODS_ROOT}/Headers/Public/Bolts\"",
					"\"${PODS_ROOT}/Headers/Public/INSPullToRefresh\"",
					"\"${PODS_ROOT}/Headers/Public/MagicalRecord\"",
					"\"${PODS_ROOT}/Headers/Public/MagicalRecord/MagicalRecord\"",
					"\"${PODS_ROOT}/Headers/Public/SDWebImage\"",
					"\"${PODS_ROOT}/Headers/Public/SVProgressHUD\"",
					"\"${PODS_ROOT}/Headers/Public/SlackTextViewController\"",
					"\"${PODS_ROOT}/Headers/Public/SlackTextViewController/Additions\"",
					"\"${PODS_ROOT}/Headers/Public/SlackTextViewController/Classes\"",
					"$(SRCROOT)/YPO-WPO",
					"SG/Vendor/**",
				);
				INFOPLIST_FILE = "YPO-WPO SG/Info.plist";
				IPHONEOS_DEPLOYMENT_TARGET = 7.0;
				LD_RUNPATH_SEARCH_PATHS = "$(inherited) @executable_path/Frameworks";
				PRODUCT_NAME = "$(TARGET_NAME)";
				PROVISIONING_PROFILE = "01c6caa0-565b-408a-8139-2f2d342c5a25";
			};
			name = Distribution;
		};
		ACBF24E51B70C69500C6B0B3 /* Distribution */ = {
			isa = XCBuildConfiguration;
			buildSettings = {
				BUNDLE_LOADER = "$(TEST_HOST)";
				FRAMEWORK_SEARCH_PATHS = (
					"$(SDKROOT)/Developer/Library/Frameworks",
					"$(inherited)",
				);
				GCC_PREFIX_HEADER = "";
				INFOPLIST_FILE = "YPO-WPO SGTests/Info.plist";
				LD_RUNPATH_SEARCH_PATHS = "$(inherited) @executable_path/Frameworks @loader_path/Frameworks";
				PRODUCT_NAME = "$(TARGET_NAME)";
				TEST_HOST = "$(BUILT_PRODUCTS_DIR)/YPO-WPO SG.app/YPO-WPO SG";
			};
			name = Distribution;
		};
/* End XCBuildConfiguration section */

/* Begin XCConfigurationList section */
		32F5D5671B22A81700B40ACE /* Build configuration list for PBXProject "YPO-WPO SG" */ = {
			isa = XCConfigurationList;
			buildConfigurations = (
				32F5D5901B22A81700B40ACE /* Debug */,
				32F5D5911B22A81700B40ACE /* Release */,
				ACBF24E31B70C69500C6B0B3 /* Distribution */,
				ACBF24E01B70C69000C6B0B3 /* Adhoc */,
			);
			defaultConfigurationIsVisible = 0;
			defaultConfigurationName = Release;
		};
		32F5D5921B22A81700B40ACE /* Build configuration list for PBXNativeTarget "YPO-WPO SG" */ = {
			isa = XCConfigurationList;
			buildConfigurations = (
				32F5D5931B22A81700B40ACE /* Debug */,
				32F5D5941B22A81700B40ACE /* Release */,
				ACBF24E41B70C69500C6B0B3 /* Distribution */,
				ACBF24E11B70C69000C6B0B3 /* Adhoc */,
			);
			defaultConfigurationIsVisible = 0;
			defaultConfigurationName = Release;
		};
		32F5D5951B22A81700B40ACE /* Build configuration list for PBXNativeTarget "YPO-WPO SGTests" */ = {
			isa = XCConfigurationList;
			buildConfigurations = (
				32F5D5961B22A81700B40ACE /* Debug */,
				32F5D5971B22A81700B40ACE /* Release */,
				ACBF24E51B70C69500C6B0B3 /* Distribution */,
				ACBF24E21B70C69000C6B0B3 /* Adhoc */,
			);
			defaultConfigurationIsVisible = 0;
			defaultConfigurationName = Release;
		};
/* End XCConfigurationList section */

/* Begin XCVersionGroup section */
		32F5D5761B22A81700B40ACE /* YPO_WPO_SG.xcdatamodeld */ = {
			isa = XCVersionGroup;
			children = (
				32F5D5771B22A81700B40ACE /* YPO_WPO_SG.xcdatamodel */,
			);
			currentVersion = 32F5D5771B22A81700B40ACE /* YPO_WPO_SG.xcdatamodel */;
			path = YPO_WPO_SG.xcdatamodeld;
			sourceTree = "<group>";
			versionGroupType = wrapper.xcdatamodel;
		};
/* End XCVersionGroup section */
	};
	rootObject = 32F5D5641B22A81700B40ACE /* Project object */;
}
